{
  "object": {
    "pins": [
      {
        "package": "Regex",
        "repositoryURL": "https://github.com/sharplet/Regex.git",
        "state": {
          "branch": null,
          "revision": "76c2b73d4281d77fc3118391877efd1bf972f515",
          "version": "2.1.1"
        }
      },
      {
        "package": "RepresentableKit",
        "repositoryURL": "https://github.com/yumemi-inc/RepresentableKit.git",
        "state": {
          "branch": null,
          "revision": "77b5ea15838c7f28464d4b01540b7dac8f74ec9c",
          "version": "0.1.2"
        }
      },
      {
        "package": "swift-collections",
        "repositoryURL": "https://github.com/apple/swift-collections.git",
        "state": {
          "branch": null,
          "revision": "f504716c27d2e5d4144fa4794b12129301d17729",
          "version": "1.0.3"
        }
      },
      {
        "package": "SwiftSoup",
        "repositoryURL": "https://github.com/scinfu/SwiftSoup.git",
        "state": {
          "branch": null,
          "revision": "41e7c263fb8c277e980ebcb9b0b5f6031d3d4886",
          "version": "2.4.2"
        }
      },
      {
        "package": "Introspect",
        "repositoryURL": "https://github.com/siteline/SwiftUI-Introspect.git",
        "state": {
          "branch": null,
          "revision": "f2616860a41f9d9932da412a8978fec79c06fe24",
          "version": "0.1.4"
        }
      },
      {
        "package": "URLImage",
        "repositoryURL": "https://github.com/dmytro-anokhin/url-image.git",
        "state": {
          "branch": null,
          "revision": "4042f955f1fdff00ced85545e1eecdbf969b5cd0",
          "version": "3.1.1"
        }
      },
      {
        "package": "Version",
        "repositoryURL": "https://github.com/mxcl/Version.git",
        "state": {
          "branch": null,
          "revision": "1fe824b80d89201652e7eca7c9252269a1d85e25",
          "version": "2.0.1"
        }
      },
      {
        "package": "Zoomable",
        "repositoryURL": "https://github.com/Ceylo/Zoomable.git",
        "state": {
          "branch": null,
          "revision": "0340851bf499db602b6e50550774c2279b231743",
          "version": "1.0.0"
        }
      }
    ]
  },
  "version": 1
}
