// !$*UTF8*$!
{
	archiveVersion = 1;
	classes = {
	};
	objectVersion = 55;
	objects = {

/* Begin PBXBuildFile section */
		8716E7EC271C659C00C0BC4A /* FurAffinityApp.swift in Sources */ = {isa = PBXBuildFile; fileRef = 8716E7EB271C659C00C0BC4A /* FurAffinityApp.swift */; };
		8716E7EE271C659C00C0BC4A /* HomeView.swift in Sources */ = {isa = PBXBuildFile; fileRef = 8716E7ED271C659C00C0BC4A /* HomeView.swift */; };
		8716E7F0271C659D00C0BC4A /* Assets.xcassets in Resources */ = {isa = PBXBuildFile; fileRef = 8716E7EF271C659D00C0BC4A /* Assets.xcassets */; };
		8716E7F3271C659D00C0BC4A /* Preview Assets.xcassets in Resources */ = {isa = PBXBuildFile; fileRef = 8716E7F2271C659D00C0BC4A /* Preview Assets.xcassets */; };
		8725335F274A70BB007FEF3B /* Model.swift in Sources */ = {isa = PBXBuildFile; fileRef = 8725335E274A70BB007FEF3B /* Model.swift */; };
		87253361274A9D91007FEF3B /* SubmissionView.swift in Sources */ = {isa = PBXBuildFile; fileRef = 87253360274A9D91007FEF3B /* SubmissionView.swift */; };
		873E65F027528FC6009C8767 /* SubmissionControlsView.swift in Sources */ = {isa = PBXBuildFile; fileRef = 873E65EF27528FC6009C8767 /* SubmissionControlsView.swift */; };
		873E65F227529866009C8767 /* SaveButton.swift in Sources */ = {isa = PBXBuildFile; fileRef = 873E65F127529866009C8767 /* SaveButton.swift */; };
		873E66112752AAB2009C8767 /* ImageSaveHandler.swift in Sources */ = {isa = PBXBuildFile; fileRef = 873E66102752AAB2009C8767 /* ImageSaveHandler.swift */; };
		873E66182752C631009C8767 /* CircularProgress.swift in Sources */ = {isa = PBXBuildFile; fileRef = 873E66172752C631009C8767 /* CircularProgress.swift */; };
		874D69BD2804D20600DF91E7 /* NoteView.swift in Sources */ = {isa = PBXBuildFile; fileRef = 874D69BC2804D20600DF91E7 /* NoteView.swift */; };
		8761834E271F5E570021A051 /* FAKit in Frameworks */ = {isa = PBXBuildFile; productRef = 8761834D271F5E570021A051 /* FAKit */; };
		877226B327402F9300245DF0 /* LoggedInView.swift in Sources */ = {isa = PBXBuildFile; fileRef = 877226B227402F9300245DF0 /* LoggedInView.swift */; };
		877226B52740361C00245DF0 /* SubmissionsFeedView.swift in Sources */ = {isa = PBXBuildFile; fileRef = 877226B42740361C00245DF0 /* SubmissionsFeedView.swift */; };
		877929D02744386E003AE828 /* FASession+CanvasPreview.swift in Sources */ = {isa = PBXBuildFile; fileRef = 877929CF2744386E003AE828 /* FASession+CanvasPreview.swift */; };
		877932AD2743186F004C43FD /* URLImage in Frameworks */ = {isa = PBXBuildFile; productRef = 877932AC2743186F004C43FD /* URLImage */; };
		877932AF2743186F004C43FD /* URLImageStore in Frameworks */ = {isa = PBXBuildFile; productRef = 877932AE2743186F004C43FD /* URLImageStore */; };
		879233D2278216DF0019AC44 /* TextView.swift in Sources */ = {isa = PBXBuildFile; fileRef = 879233D1278216DF0019AC44 /* TextView.swift */; };
		8799FAE22741672E0068A049 /* SubmissionFeedItemView.swift in Sources */ = {isa = PBXBuildFile; fileRef = 8799FAE12741672E0068A049 /* SubmissionFeedItemView.swift */; };
		87A1859C27459FFE00B10D2A /* SettingsView.swift in Sources */ = {isa = PBXBuildFile; fileRef = 87A1859B27459FFE00B10D2A /* SettingsView.swift */; };
		87A185A02745A83B00B10D2A /* Debugging.swift in Sources */ = {isa = PBXBuildFile; fileRef = 87A1859F2745A83B00B10D2A /* Debugging.swift */; };
		87A185A22745A8A100B10D2A /* CenteredView.swift in Sources */ = {isa = PBXBuildFile; fileRef = 87A185A12745A8A100B10D2A /* CenteredView.swift */; };
		87C4D2B027653C3600C29A4B /* Zoomable in Frameworks */ = {isa = PBXBuildFile; productRef = 87C4D2AF27653C3600C29A4B /* Zoomable */; };
		87C87DB82813266E00CAA57B /* RepresentableKit in Frameworks */ = {isa = PBXBuildFile; productRef = 87C87DB72813266E00CAA57B /* RepresentableKit */; };
		87E0E2B82801D967005207A8 /* NotesView.swift in Sources */ = {isa = PBXBuildFile; fileRef = 87E0E2B72801D967005207A8 /* NotesView.swift */; };
		87E0E2BA2801DCDB005207A8 /* NoteItemView.swift in Sources */ = {isa = PBXBuildFile; fileRef = 87E0E2B92801DCDB005207A8 /* NoteItemView.swift */; };
		87E7B0242788D4FC0053CFAA /* NotificationOverlay.swift in Sources */ = {isa = PBXBuildFile; fileRef = 87E7B0232788D4FC0053CFAA /* NotificationOverlay.swift */; };
		87F8FA342761347200CDD985 /* SubmissionHeaderView.swift in Sources */ = {isa = PBXBuildFile; fileRef = 87F8FA332761347200CDD985 /* SubmissionHeaderView.swift */; };
		87F8FA3627613DD900CDD985 /* Extensions.swift in Sources */ = {isa = PBXBuildFile; fileRef = 87F8FA3527613DD900CDD985 /* Extensions.swift */; };
		87F960CB2801EFF3000B30A3 /* AvatarView.swift in Sources */ = {isa = PBXBuildFile; fileRef = 87F960CA2801EFF3000B30A3 /* AvatarView.swift */; };
/* End PBXBuildFile section */

/* Begin PBXFileReference section */
		8716E7E8271C659C00C0BC4A /* Fur Affinity.app */ = {isa = PBXFileReference; explicitFileType = wrapper.application; includeInIndex = 0; path = "Fur Affinity.app"; sourceTree = BUILT_PRODUCTS_DIR; };
		8716E7EB271C659C00C0BC4A /* FurAffinityApp.swift */ = {isa = PBXFileReference; lastKnownFileType = sourcecode.swift; path = FurAffinityApp.swift; sourceTree = "<group>"; };
		8716E7ED271C659C00C0BC4A /* HomeView.swift */ = {isa = PBXFileReference; lastKnownFileType = sourcecode.swift; path = HomeView.swift; sourceTree = "<group>"; };
		8716E7EF271C659D00C0BC4A /* Assets.xcassets */ = {isa = PBXFileReference; lastKnownFileType = folder.assetcatalog; path = Assets.xcassets; sourceTree = "<group>"; };
		8716E7F2271C659D00C0BC4A /* Preview Assets.xcassets */ = {isa = PBXFileReference; lastKnownFileType = folder.assetcatalog; path = "Preview Assets.xcassets"; sourceTree = "<group>"; };
		8725335E274A70BB007FEF3B /* Model.swift */ = {isa = PBXFileReference; lastKnownFileType = sourcecode.swift; path = Model.swift; sourceTree = "<group>"; };
		87253360274A9D91007FEF3B /* SubmissionView.swift */ = {isa = PBXFileReference; lastKnownFileType = sourcecode.swift; path = SubmissionView.swift; sourceTree = "<group>"; };
		873E65EF27528FC6009C8767 /* SubmissionControlsView.swift */ = {isa = PBXFileReference; lastKnownFileType = sourcecode.swift; path = SubmissionControlsView.swift; sourceTree = "<group>"; };
		873E65F127529866009C8767 /* SaveButton.swift */ = {isa = PBXFileReference; lastKnownFileType = sourcecode.swift; path = SaveButton.swift; sourceTree = "<group>"; };
		873E66102752AAB2009C8767 /* ImageSaveHandler.swift */ = {isa = PBXFileReference; lastKnownFileType = sourcecode.swift; path = ImageSaveHandler.swift; sourceTree = "<group>"; };
		873E66172752C631009C8767 /* CircularProgress.swift */ = {isa = PBXFileReference; lastKnownFileType = sourcecode.swift; path = CircularProgress.swift; sourceTree = "<group>"; };
		874D69BC2804D20600DF91E7 /* NoteView.swift */ = {isa = PBXFileReference; lastKnownFileType = sourcecode.swift; path = NoteView.swift; sourceTree = "<group>"; };
		8761834C271F5E380021A051 /* FAKit */ = {isa = PBXFileReference; lastKnownFileType = folder; path = FAKit; sourceTree = "<group>"; };
		877226B127400B7A00245DF0 /* README.md */ = {isa = PBXFileReference; lastKnownFileType = net.daringfireball.markdown; path = README.md; sourceTree = "<group>"; };
		877226B227402F9300245DF0 /* LoggedInView.swift */ = {isa = PBXFileReference; lastKnownFileType = sourcecode.swift; path = LoggedInView.swift; sourceTree = "<group>"; };
		877226B42740361C00245DF0 /* SubmissionsFeedView.swift */ = {isa = PBXFileReference; lastKnownFileType = sourcecode.swift; path = SubmissionsFeedView.swift; sourceTree = "<group>"; };
		877929CF2744386E003AE828 /* FASession+CanvasPreview.swift */ = {isa = PBXFileReference; lastKnownFileType = sourcecode.swift; path = "FASession+CanvasPreview.swift"; sourceTree = "<group>"; };
		879233D1278216DF0019AC44 /* TextView.swift */ = {isa = PBXFileReference; lastKnownFileType = sourcecode.swift; path = TextView.swift; sourceTree = "<group>"; };
		8799FAE12741672E0068A049 /* SubmissionFeedItemView.swift */ = {isa = PBXFileReference; lastKnownFileType = sourcecode.swift; path = SubmissionFeedItemView.swift; sourceTree = "<group>"; };
		87A1859B27459FFE00B10D2A /* SettingsView.swift */ = {isa = PBXFileReference; lastKnownFileType = sourcecode.swift; path = SettingsView.swift; sourceTree = "<group>"; };
		87A1859F2745A83B00B10D2A /* Debugging.swift */ = {isa = PBXFileReference; lastKnownFileType = sourcecode.swift; path = Debugging.swift; sourceTree = "<group>"; };
		87A185A12745A8A100B10D2A /* CenteredView.swift */ = {isa = PBXFileReference; lastKnownFileType = sourcecode.swift; path = CenteredView.swift; sourceTree = "<group>"; };
		87E0E2B72801D967005207A8 /* NotesView.swift */ = {isa = PBXFileReference; lastKnownFileType = sourcecode.swift; path = NotesView.swift; sourceTree = "<group>"; };
		87E0E2B92801DCDB005207A8 /* NoteItemView.swift */ = {isa = PBXFileReference; lastKnownFileType = sourcecode.swift; path = NoteItemView.swift; sourceTree = "<group>"; };
		87E7B0232788D4FC0053CFAA /* NotificationOverlay.swift */ = {isa = PBXFileReference; lastKnownFileType = sourcecode.swift; path = NotificationOverlay.swift; sourceTree = "<group>"; };
		87F8FA332761347200CDD985 /* SubmissionHeaderView.swift */ = {isa = PBXFileReference; lastKnownFileType = sourcecode.swift; path = SubmissionHeaderView.swift; sourceTree = "<group>"; };
		87F8FA3527613DD900CDD985 /* Extensions.swift */ = {isa = PBXFileReference; lastKnownFileType = sourcecode.swift; path = Extensions.swift; sourceTree = "<group>"; };
		87F960CA2801EFF3000B30A3 /* AvatarView.swift */ = {isa = PBXFileReference; lastKnownFileType = sourcecode.swift; path = AvatarView.swift; sourceTree = "<group>"; };
/* End PBXFileReference section */

/* Begin PBXFrameworksBuildPhase section */
		8716E7E5271C659C00C0BC4A /* Frameworks */ = {
			isa = PBXFrameworksBuildPhase;
			buildActionMask = 2147483647;
			files = (
				877932AD2743186F004C43FD /* URLImage in Frameworks */,
				87C4D2B027653C3600C29A4B /* Zoomable in Frameworks */,
				877932AF2743186F004C43FD /* URLImageStore in Frameworks */,
				8761834E271F5E570021A051 /* FAKit in Frameworks */,
				87C87DB82813266E00CAA57B /* RepresentableKit in Frameworks */,
			);
			runOnlyForDeploymentPostprocessing = 0;
		};
/* End PBXFrameworksBuildPhase section */

/* Begin PBXGroup section */
		8716E7DF271C659C00C0BC4A = {
			isa = PBXGroup;
			children = (
				877226B127400B7A00245DF0 /* README.md */,
				8761834C271F5E380021A051 /* FAKit */,
				8716E7EA271C659C00C0BC4A /* FurAffinity */,
				8716E7E9271C659C00C0BC4A /* Products */,
			);
			sourceTree = "<group>";
		};
		8716E7E9271C659C00C0BC4A /* Products */ = {
			isa = PBXGroup;
			children = (
				8716E7E8271C659C00C0BC4A /* Fur Affinity.app */,
			);
			name = Products;
			sourceTree = "<group>";
		};
		8716E7EA271C659C00C0BC4A /* FurAffinity */ = {
			isa = PBXGroup;
			children = (
				87A1859F2745A83B00B10D2A /* Debugging.swift */,
				87F8FA3527613DD900CDD985 /* Extensions.swift */,
				87A4CA8B2756D17C009AA219 /* Helper Views */,
				8725335E274A70BB007FEF3B /* Model.swift */,
				8716E7EB271C659C00C0BC4A /* FurAffinityApp.swift */,
				8716E7ED271C659C00C0BC4A /* HomeView.swift */,
				877226B227402F9300245DF0 /* LoggedInView.swift */,
				877226B42740361C00245DF0 /* SubmissionsFeedView.swift */,
				87E0E2B72801D967005207A8 /* NotesView.swift */,
				874D69BC2804D20600DF91E7 /* NoteView.swift */,
				87E0E2B92801DCDB005207A8 /* NoteItemView.swift */,
				87E7B0232788D4FC0053CFAA /* NotificationOverlay.swift */,
				8799FAE12741672E0068A049 /* SubmissionFeedItemView.swift */,
				87F8FA332761347200CDD985 /* SubmissionHeaderView.swift */,
				87F960CA2801EFF3000B30A3 /* AvatarView.swift */,
				87253360274A9D91007FEF3B /* SubmissionView.swift */,
				873E65EF27528FC6009C8767 /* SubmissionControlsView.swift */,
				873E66102752AAB2009C8767 /* ImageSaveHandler.swift */,
				873E65F127529866009C8767 /* SaveButton.swift */,
				877929CF2744386E003AE828 /* FASession+CanvasPreview.swift */,
				87A1859B27459FFE00B10D2A /* SettingsView.swift */,
				8716E7EF271C659D00C0BC4A /* Assets.xcassets */,
				8716E7F1271C659D00C0BC4A /* Preview Content */,
			);
			path = FurAffinity;
			sourceTree = "<group>";
		};
		8716E7F1271C659D00C0BC4A /* Preview Content */ = {
			isa = PBXGroup;
			children = (
				8716E7F2271C659D00C0BC4A /* Preview Assets.xcassets */,
			);
			path = "Preview Content";
			sourceTree = "<group>";
		};
		87A4CA8B2756D17C009AA219 /* Helper Views */ = {
			isa = PBXGroup;
			children = (
				87A185A12745A8A100B10D2A /* CenteredView.swift */,
				873E66172752C631009C8767 /* CircularProgress.swift */,
				879233D1278216DF0019AC44 /* TextView.swift */,
			);
			path = "Helper Views";
			sourceTree = "<group>";
		};
/* End PBXGroup section */

/* Begin PBXNativeTarget section */
		8716E7E7271C659C00C0BC4A /* FurAffinity */ = {
			isa = PBXNativeTarget;
			buildConfigurationList = 8716E7F6271C659D00C0BC4A /* Build configuration list for PBXNativeTarget "FurAffinity" */;
			buildPhases = (
				8716E7E4271C659C00C0BC4A /* Sources */,
				8716E7E5271C659C00C0BC4A /* Frameworks */,
				8716E7E6271C659C00C0BC4A /* Resources */,
			);
			buildRules = (
			);
			dependencies = (
			);
			name = FurAffinity;
			packageProductDependencies = (
				8761834D271F5E570021A051 /* FAKit */,
				877932AC2743186F004C43FD /* URLImage */,
				877932AE2743186F004C43FD /* URLImageStore */,
				87C4D2AF27653C3600C29A4B /* Zoomable */,
				87C87DB72813266E00CAA57B /* RepresentableKit */,
			);
			productName = FurAffinity;
			productReference = 8716E7E8271C659C00C0BC4A /* Fur Affinity.app */;
			productType = "com.apple.product-type.application";
		};
/* End PBXNativeTarget section */

/* Begin PBXProject section */
		8716E7E0271C659C00C0BC4A /* Project object */ = {
			isa = PBXProject;
			attributes = {
				BuildIndependentTargetsInParallel = 1;
				LastSwiftUpdateCheck = 1300;
				LastUpgradeCheck = 1300;
				TargetAttributes = {
					8716E7E7271C659C00C0BC4A = {
						CreatedOnToolsVersion = 13.0;
					};
				};
			};
			buildConfigurationList = 8716E7E3271C659C00C0BC4A /* Build configuration list for PBXProject "FurAffinity" */;
			compatibilityVersion = "Xcode 13.0";
			developmentRegion = en;
			hasScannedForEncodings = 0;
			knownRegions = (
				en,
				Base,
			);
			mainGroup = 8716E7DF271C659C00C0BC4A;
			packageReferences = (
				877932AB2743186F004C43FD /* XCRemoteSwiftPackageReference "url-image" */,
				87C4D2AE27653C3600C29A4B /* XCRemoteSwiftPackageReference "Zoomable" */,
				87C87DB62813266E00CAA57B /* XCRemoteSwiftPackageReference "RepresentableKit" */,
			);
			productRefGroup = 8716E7E9271C659C00C0BC4A /* Products */;
			projectDirPath = "";
			projectRoot = "";
			targets = (
				8716E7E7271C659C00C0BC4A /* FurAffinity */,
			);
		};
/* End PBXProject section */

/* Begin PBXResourcesBuildPhase section */
		8716E7E6271C659C00C0BC4A /* Resources */ = {
			isa = PBXResourcesBuildPhase;
			buildActionMask = 2147483647;
			files = (
				8716E7F3271C659D00C0BC4A /* Preview Assets.xcassets in Resources */,
				8716E7F0271C659D00C0BC4A /* Assets.xcassets in Resources */,
			);
			runOnlyForDeploymentPostprocessing = 0;
		};
/* End PBXResourcesBuildPhase section */

/* Begin PBXSourcesBuildPhase section */
		8716E7E4271C659C00C0BC4A /* Sources */ = {
			isa = PBXSourcesBuildPhase;
			buildActionMask = 2147483647;
			files = (
				87A1859C27459FFE00B10D2A /* SettingsView.swift in Sources */,
				87A185A02745A83B00B10D2A /* Debugging.swift in Sources */,
				87E0E2B82801D967005207A8 /* NotesView.swift in Sources */,
				87A185A22745A8A100B10D2A /* CenteredView.swift in Sources */,
				8799FAE22741672E0068A049 /* SubmissionFeedItemView.swift in Sources */,
				87E0E2BA2801DCDB005207A8 /* NoteItemView.swift in Sources */,
				8716E7EE271C659C00C0BC4A /* HomeView.swift in Sources */,
				87F8FA342761347200CDD985 /* SubmissionHeaderView.swift in Sources */,
				8725335F274A70BB007FEF3B /* Model.swift in Sources */,
				873E66182752C631009C8767 /* CircularProgress.swift in Sources */,
				873E65F027528FC6009C8767 /* SubmissionControlsView.swift in Sources */,
				873E66112752AAB2009C8767 /* ImageSaveHandler.swift in Sources */,
				877226B327402F9300245DF0 /* LoggedInView.swift in Sources */,
				877929D02744386E003AE828 /* FASession+CanvasPreview.swift in Sources */,
				873E65F227529866009C8767 /* SaveButton.swift in Sources */,
				87F960CB2801EFF3000B30A3 /* AvatarView.swift in Sources */,
				874D69BD2804D20600DF91E7 /* NoteView.swift in Sources */,
				877226B52740361C00245DF0 /* SubmissionsFeedView.swift in Sources */,
				87F8FA3627613DD900CDD985 /* Extensions.swift in Sources */,
				87253361274A9D91007FEF3B /* SubmissionView.swift in Sources */,
				87E7B0242788D4FC0053CFAA /* NotificationOverlay.swift in Sources */,
				879233D2278216DF0019AC44 /* TextView.swift in Sources */,
				8716E7EC271C659C00C0BC4A /* FurAffinityApp.swift in Sources */,
			);
			runOnlyForDeploymentPostprocessing = 0;
		};
/* End PBXSourcesBuildPhase section */

/* Begin XCBuildConfiguration section */
		8716E7F4271C659D00C0BC4A /* Debug */ = {
			isa = XCBuildConfiguration;
			buildSettings = {
				ALWAYS_SEARCH_USER_PATHS = NO;
				CLANG_ANALYZER_NONNULL = YES;
				CLANG_ANALYZER_NUMBER_OBJECT_CONVERSION = YES_AGGRESSIVE;
				CLANG_CXX_LANGUAGE_STANDARD = "gnu++17";
				CLANG_CXX_LIBRARY = "libc++";
				CLANG_ENABLE_MODULES = YES;
				CLANG_ENABLE_OBJC_ARC = YES;
				CLANG_ENABLE_OBJC_WEAK = YES;
				CLANG_WARN_BLOCK_CAPTURE_AUTORELEASING = YES;
				CLANG_WARN_BOOL_CONVERSION = YES;
				CLANG_WARN_COMMA = YES;
				CLANG_WARN_CONSTANT_CONVERSION = YES;
				CLANG_WARN_DEPRECATED_OBJC_IMPLEMENTATIONS = YES;
				CLANG_WARN_DIRECT_OBJC_ISA_USAGE = YES_ERROR;
				CLANG_WARN_DOCUMENTATION_COMMENTS = YES;
				CLANG_WARN_EMPTY_BODY = YES;
				CLANG_WARN_ENUM_CONVERSION = YES;
				CLANG_WARN_INFINITE_RECURSION = YES;
				CLANG_WARN_INT_CONVERSION = YES;
				CLANG_WARN_NON_LITERAL_NULL_CONVERSION = YES;
				CLANG_WARN_OBJC_IMPLICIT_RETAIN_SELF = YES;
				CLANG_WARN_OBJC_LITERAL_CONVERSION = YES;
				CLANG_WARN_OBJC_ROOT_CLASS = YES_ERROR;
				CLANG_WARN_QUOTED_INCLUDE_IN_FRAMEWORK_HEADER = YES;
				CLANG_WARN_RANGE_LOOP_ANALYSIS = YES;
				CLANG_WARN_STRICT_PROTOTYPES = YES;
				CLANG_WARN_SUSPICIOUS_MOVE = YES;
				CLANG_WARN_UNGUARDED_AVAILABILITY = YES_AGGRESSIVE;
				CLANG_WARN_UNREACHABLE_CODE = YES;
				CLANG_WARN__DUPLICATE_METHOD_MATCH = YES;
				COPY_PHASE_STRIP = NO;
				DEBUG_INFORMATION_FORMAT = dwarf;
				ENABLE_STRICT_OBJC_MSGSEND = YES;
				ENABLE_TESTABILITY = YES;
				GCC_C_LANGUAGE_STANDARD = gnu11;
				GCC_DYNAMIC_NO_PIC = NO;
				GCC_NO_COMMON_BLOCKS = YES;
				GCC_OPTIMIZATION_LEVEL = 0;
				GCC_PREPROCESSOR_DEFINITIONS = (
					"DEBUG=1",
					"$(inherited)",
				);
				GCC_WARN_64_TO_32_BIT_CONVERSION = YES;
				GCC_WARN_ABOUT_RETURN_TYPE = YES_ERROR;
				GCC_WARN_UNDECLARED_SELECTOR = YES;
				GCC_WARN_UNINITIALIZED_AUTOS = YES_AGGRESSIVE;
				GCC_WARN_UNUSED_FUNCTION = YES;
				GCC_WARN_UNUSED_VARIABLE = YES;
				IPHONEOS_DEPLOYMENT_TARGET = 15.0;
				MTL_ENABLE_DEBUG_INFO = INCLUDE_SOURCE;
				MTL_FAST_MATH = YES;
				ONLY_ACTIVE_ARCH = YES;
				SDKROOT = iphoneos;
				SWIFT_ACTIVE_COMPILATION_CONDITIONS = DEBUG;
				SWIFT_OPTIMIZATION_LEVEL = "-Onone";
				SWIFT_VERSION = 5.0;
			};
			name = Debug;
		};
		8716E7F5271C659D00C0BC4A /* Release */ = {
			isa = XCBuildConfiguration;
			buildSettings = {
				ALWAYS_SEARCH_USER_PATHS = NO;
				CLANG_ANALYZER_NONNULL = YES;
				CLANG_ANALYZER_NUMBER_OBJECT_CONVERSION = YES_AGGRESSIVE;
				CLANG_CXX_LANGUAGE_STANDARD = "gnu++17";
				CLANG_CXX_LIBRARY = "libc++";
				CLANG_ENABLE_MODULES = YES;
				CLANG_ENABLE_OBJC_ARC = YES;
				CLANG_ENABLE_OBJC_WEAK = YES;
				CLANG_WARN_BLOCK_CAPTURE_AUTORELEASING = YES;
				CLANG_WARN_BOOL_CONVERSION = YES;
				CLANG_WARN_COMMA = YES;
				CLANG_WARN_CONSTANT_CONVERSION = YES;
				CLANG_WARN_DEPRECATED_OBJC_IMPLEMENTATIONS = YES;
				CLANG_WARN_DIRECT_OBJC_ISA_USAGE = YES_ERROR;
				CLANG_WARN_DOCUMENTATION_COMMENTS = YES;
				CLANG_WARN_EMPTY_BODY = YES;
				CLANG_WARN_ENUM_CONVERSION = YES;
				CLANG_WARN_INFINITE_RECURSION = YES;
				CLANG_WARN_INT_CONVERSION = YES;
				CLANG_WARN_NON_LITERAL_NULL_CONVERSION = YES;
				CLANG_WARN_OBJC_IMPLICIT_RETAIN_SELF = YES;
				CLANG_WARN_OBJC_LITERAL_CONVERSION = YES;
				CLANG_WARN_OBJC_ROOT_CLASS = YES_ERROR;
				CLANG_WARN_QUOTED_INCLUDE_IN_FRAMEWORK_HEADER = YES;
				CLANG_WARN_RANGE_LOOP_ANALYSIS = YES;
				CLANG_WARN_STRICT_PROTOTYPES = YES;
				CLANG_WARN_SUSPICIOUS_MOVE = YES;
				CLANG_WARN_UNGUARDED_AVAILABILITY = YES_AGGRESSIVE;
				CLANG_WARN_UNREACHABLE_CODE = YES;
				CLANG_WARN__DUPLICATE_METHOD_MATCH = YES;
				COPY_PHASE_STRIP = NO;
				DEBUG_INFORMATION_FORMAT = "dwarf-with-dsym";
				ENABLE_NS_ASSERTIONS = NO;
				ENABLE_STRICT_OBJC_MSGSEND = YES;
				GCC_C_LANGUAGE_STANDARD = gnu11;
				GCC_NO_COMMON_BLOCKS = YES;
				GCC_WARN_64_TO_32_BIT_CONVERSION = YES;
				GCC_WARN_ABOUT_RETURN_TYPE = YES_ERROR;
				GCC_WARN_UNDECLARED_SELECTOR = YES;
				GCC_WARN_UNINITIALIZED_AUTOS = YES_AGGRESSIVE;
				GCC_WARN_UNUSED_FUNCTION = YES;
				GCC_WARN_UNUSED_VARIABLE = YES;
				IPHONEOS_DEPLOYMENT_TARGET = 15.0;
				MTL_ENABLE_DEBUG_INFO = NO;
				MTL_FAST_MATH = YES;
				SDKROOT = iphoneos;
				SWIFT_COMPILATION_MODE = wholemodule;
				SWIFT_OPTIMIZATION_LEVEL = "-O";
				SWIFT_VERSION = 5.0;
				VALIDATE_PRODUCT = YES;
			};
			name = Release;
		};
		8716E7F7271C659D00C0BC4A /* Debug */ = {
			isa = XCBuildConfiguration;
			buildSettings = {
				ASSETCATALOG_COMPILER_APPICON_NAME = AppIcon;
				ASSETCATALOG_COMPILER_GLOBAL_ACCENT_COLOR_NAME = AccentColor;
				CODE_SIGN_STYLE = Automatic;
				CURRENT_PROJECT_VERSION = 1;
				DEVELOPMENT_ASSET_PATHS = "\"FurAffinity/Preview Content\"";
				DEVELOPMENT_TEAM = 5C7J346JPA;
				ENABLE_PREVIEWS = YES;
				GENERATE_INFOPLIST_FILE = YES;
				INFOPLIST_KEY_NSPhotoLibraryAddUsageDescription = "Chosen images will be saved to the Photo Library.";
				INFOPLIST_KEY_UIApplicationSceneManifest_Generation = YES;
				INFOPLIST_KEY_UIApplicationSupportsIndirectInputEvents = YES;
				INFOPLIST_KEY_UILaunchScreen_Generation = YES;
				INFOPLIST_KEY_UISupportedInterfaceOrientations_iPad = "UIInterfaceOrientationPortrait UIInterfaceOrientationPortraitUpsideDown UIInterfaceOrientationLandscapeLeft UIInterfaceOrientationLandscapeRight";
				INFOPLIST_KEY_UISupportedInterfaceOrientations_iPhone = UIInterfaceOrientationPortrait;
				IPHONEOS_DEPLOYMENT_TARGET = 15.0;
				LD_RUNPATH_SEARCH_PATHS = (
					"$(inherited)",
					"@executable_path/Frameworks",
				);
				MARKETING_VERSION = 1.0;
				PRODUCT_BUNDLE_IDENTIFIER = ceylo.FurAffinityApp;
				PRODUCT_NAME = "Fur Affinity";
				SWIFT_EMIT_LOC_STRINGS = YES;
				TARGETED_DEVICE_FAMILY = "1,2";
			};
			name = Debug;
		};
		8716E7F8271C659D00C0BC4A /* Release */ = {
			isa = XCBuildConfiguration;
			buildSettings = {
				ASSETCATALOG_COMPILER_APPICON_NAME = AppIcon;
				ASSETCATALOG_COMPILER_GLOBAL_ACCENT_COLOR_NAME = AccentColor;
				CODE_SIGN_STYLE = Automatic;
				CURRENT_PROJECT_VERSION = 1;
				DEVELOPMENT_ASSET_PATHS = "\"FurAffinity/Preview Content\"";
				DEVELOPMENT_TEAM = 5C7J346JPA;
				ENABLE_PREVIEWS = YES;
				GENERATE_INFOPLIST_FILE = YES;
				INFOPLIST_KEY_NSPhotoLibraryAddUsageDescription = "Chosen images will be saved to the Photo Library.";
				INFOPLIST_KEY_UIApplicationSceneManifest_Generation = YES;
				INFOPLIST_KEY_UIApplicationSupportsIndirectInputEvents = YES;
				INFOPLIST_KEY_UILaunchScreen_Generation = YES;
				INFOPLIST_KEY_UISupportedInterfaceOrientations_iPad = "UIInterfaceOrientationPortrait UIInterfaceOrientationPortraitUpsideDown UIInterfaceOrientationLandscapeLeft UIInterfaceOrientationLandscapeRight";
				INFOPLIST_KEY_UISupportedInterfaceOrientations_iPhone = UIInterfaceOrientationPortrait;
				IPHONEOS_DEPLOYMENT_TARGET = 15.0;
				LD_RUNPATH_SEARCH_PATHS = (
					"$(inherited)",
					"@executable_path/Frameworks",
				);
				MARKETING_VERSION = 1.0;
				PRODUCT_BUNDLE_IDENTIFIER = ceylo.FurAffinityApp;
				PRODUCT_NAME = "Fur Affinity";
				SWIFT_EMIT_LOC_STRINGS = YES;
				TARGETED_DEVICE_FAMILY = "1,2";
			};
			name = Release;
		};
/* End XCBuildConfiguration section */

/* Begin XCConfigurationList section */
		8716E7E3271C659C00C0BC4A /* Build configuration list for PBXProject "FurAffinity" */ = {
			isa = XCConfigurationList;
			buildConfigurations = (
				8716E7F4271C659D00C0BC4A /* Debug */,
				8716E7F5271C659D00C0BC4A /* Release */,
			);
			defaultConfigurationIsVisible = 0;
			defaultConfigurationName = Release;
		};
		8716E7F6271C659D00C0BC4A /* Build configuration list for PBXNativeTarget "FurAffinity" */ = {
			isa = XCConfigurationList;
			buildConfigurations = (
				8716E7F7271C659D00C0BC4A /* Debug */,
				8716E7F8271C659D00C0BC4A /* Release */,
			);
			defaultConfigurationIsVisible = 0;
			defaultConfigurationName = Release;
		};
/* End XCConfigurationList section */

/* Begin XCRemoteSwiftPackageReference section */
		877932AB2743186F004C43FD /* XCRemoteSwiftPackageReference "url-image" */ = {
			isa = XCRemoteSwiftPackageReference;
			repositoryURL = "https://github.com/dmytro-anokhin/url-image.git";
			requirement = {
				kind = upToNextMajorVersion;
				minimumVersion = 3.0.0;
			};
		};
		87C4D2AE27653C3600C29A4B /* XCRemoteSwiftPackageReference "Zoomable" */ = {
			isa = XCRemoteSwiftPackageReference;
			repositoryURL = "https://github.com/Ceylo/Zoomable.git";
			requirement = {
				kind = upToNextMajorVersion;
				minimumVersion = 1.0.0;
			};
		};
		87C87DB62813266E00CAA57B /* XCRemoteSwiftPackageReference "RepresentableKit" */ = {
			isa = XCRemoteSwiftPackageReference;
			repositoryURL = "https://github.com/yumemi-inc/RepresentableKit.git";
			requirement = {
				branch = main;
				kind = branch;
			};
		};
/* End XCRemoteSwiftPackageReference section */

/* Begin XCSwiftPackageProductDependency section */
		8761834D271F5E570021A051 /* FAKit */ = {
			isa = XCSwiftPackageProductDependency;
			productName = FAKit;
		};
		877932AC2743186F004C43FD /* URLImage */ = {
			isa = XCSwiftPackageProductDependency;
			package = 877932AB2743186F004C43FD /* XCRemoteSwiftPackageReference "url-image" */;
			productName = URLImage;
		};
		877932AE2743186F004C43FD /* URLImageStore */ = {
			isa = XCSwiftPackageProductDependency;
			package = 877932AB2743186F004C43FD /* XCRemoteSwiftPackageReference "url-image" */;
			productName = URLImageStore;
		};
		87C4D2AF27653C3600C29A4B /* Zoomable */ = {
			isa = XCSwiftPackageProductDependency;
			package = 87C4D2AE27653C3600C29A4B /* XCRemoteSwiftPackageReference "Zoomable" */;
			productName = Zoomable;
		};
		87C87DB72813266E00CAA57B /* RepresentableKit */ = {
			isa = XCSwiftPackageProductDependency;
			package = 87C87DB62813266E00CAA57B /* XCRemoteSwiftPackageReference "RepresentableKit" */;
			productName = RepresentableKit;
		};
/* End XCSwiftPackageProductDependency section */
	};
	rootObject = 8716E7E0271C659C00C0BC4A /* Project object */;
}
