// !$*UTF8*$!
{
	archiveVersion = 1;
	classes = {
	};
	objectVersion = 55;
	objects = {

/* Begin PBXBuildFile section */
		8716E7EC271C659C00C0BC4A /* FurAffinityApp.swift in Sources */ = {isa = PBXBuildFile; fileRef = 8716E7EB271C659C00C0BC4A /* FurAffinityApp.swift */; };
		8716E7EE271C659C00C0BC4A /* HomeView.swift in Sources */ = {isa = PBXBuildFile; fileRef = 8716E7ED271C659C00C0BC4A /* HomeView.swift */; };
		8716E7F0271C659D00C0BC4A /* Assets.xcassets in Resources */ = {isa = PBXBuildFile; fileRef = 8716E7EF271C659D00C0BC4A /* Assets.xcassets */; };
		8716E7F3271C659D00C0BC4A /* Preview Assets.xcassets in Resources */ = {isa = PBXBuildFile; fileRef = 8716E7F2271C659D00C0BC4A /* Preview Assets.xcassets */; };
		871B05EF2C84BADA00302500 /* AppIcon.swift in Sources */ = {isa = PBXBuildFile; fileRef = 871B05EE2C84BAD400302500 /* AppIcon.swift */; };
		871C66E029B8CA9200A2B2C2 /* RemoteSubmissionView.swift in Sources */ = {isa = PBXBuildFile; fileRef = 871C66DF29B8CA9200A2B2C2 /* RemoteSubmissionView.swift */; };
		8725335F274A70BB007FEF3B /* Model.swift in Sources */ = {isa = PBXBuildFile; fileRef = 8725335E274A70BB007FEF3B /* Model.swift */; };
		87292E45297DD3FB00BE39B8 /* LoadingFailedView.swift in Sources */ = {isa = PBXBuildFile; fileRef = 87292E44297DD3FB00BE39B8 /* LoadingFailedView.swift */; };
		8733DDFB28F75B1A00CD8BCF /* Logs.swift in Sources */ = {isa = PBXBuildFile; fileRef = 8733DDFA28F75B1A00CD8BCF /* Logs.swift */; };
		8733DDFD28F75C1200CD8BCF /* Sharing.swift in Sources */ = {isa = PBXBuildFile; fileRef = 8733DDFC28F75C1200CD8BCF /* Sharing.swift */; };
		8733DDFF28FAD58D00CD8BCF /* SwapView.swift in Sources */ = {isa = PBXBuildFile; fileRef = 8733DDFE28FAD58D00CD8BCF /* SwapView.swift */; };
		87346B372B0A658F000407C7 /* RemoteView.swift in Sources */ = {isa = PBXBuildFile; fileRef = 87346B362B0A658F000407C7 /* RemoteView.swift */; };
		873B2D1929EB2A0F00FA5F58 /* NotificationsView.swift in Sources */ = {isa = PBXBuildFile; fileRef = 873B2D1829EB2A0F00FA5F58 /* NotificationsView.swift */; };
		873E65F027528FC6009C8767 /* SubmissionControlsView.swift in Sources */ = {isa = PBXBuildFile; fileRef = 873E65EF27528FC6009C8767 /* SubmissionControlsView.swift */; };
		873E65F227529866009C8767 /* SaveButton.swift in Sources */ = {isa = PBXBuildFile; fileRef = 873E65F127529866009C8767 /* SaveButton.swift */; };
		873E66112752AAB2009C8767 /* ImageSaveHandler.swift in Sources */ = {isa = PBXBuildFile; fileRef = 873E66102752AAB2009C8767 /* ImageSaveHandler.swift */; };
		8741BA2F29EC3FF700501A84 /* JournalView.swift in Sources */ = {isa = PBXBuildFile; fileRef = 8741BA2C29EC3FF700501A84 /* JournalView.swift */; };
		8741BA3129EC3FF700501A84 /* RemoteJournalView.swift in Sources */ = {isa = PBXBuildFile; fileRef = 8741BA2E29EC3FF700501A84 /* RemoteJournalView.swift */; };
		874D69BD2804D20600DF91E7 /* NoteView.swift in Sources */ = {isa = PBXBuildFile; fileRef = 874D69BC2804D20600DF91E7 /* NoteView.swift */; };
		87566B82297DC71600FD3199 /* CommentEditor.swift in Sources */ = {isa = PBXBuildFile; fileRef = 87566B81297DC71600FD3199 /* CommentEditor.swift */; };
		87566B84297DD02300FD3199 /* SubmissionMainImage.swift in Sources */ = {isa = PBXBuildFile; fileRef = 87566B83297DD02300FD3199 /* SubmissionMainImage.swift */; };
		875EF2C72C1CABDC000D4BFB /* SubmissionPreviewView.swift in Sources */ = {isa = PBXBuildFile; fileRef = 875EF2C62C1CABDC000D4BFB /* SubmissionPreviewView.swift */; };
		875EF2E62C1E1705000D4BFB /* LinearProgress.swift in Sources */ = {isa = PBXBuildFile; fileRef = 875EF2E52C1E1705000D4BFB /* LinearProgress.swift */; };
		875EF2E82C1E1FF7000D4BFB /* Comparable.swift in Sources */ = {isa = PBXBuildFile; fileRef = 875EF2E72C1E1FF7000D4BFB /* Comparable.swift */; };
		8761834E271F5E570021A051 /* FAKit in Frameworks */ = {isa = PBXBuildFile; productRef = 8761834D271F5E570021A051 /* FAKit */; };
		8766005829055FBC00C7A998 /* CommentsView.swift in Sources */ = {isa = PBXBuildFile; fileRef = 8766005729055FBC00C7A998 /* CommentsView.swift */; };
		876C137329D5F8E3001EB05B /* UserView.swift in Sources */ = {isa = PBXBuildFile; fileRef = 876C137229D5F8E3001EB05B /* UserView.swift */; };
		877173752C35878700B84624 /* AmplitudeSwift in Frameworks */ = {isa = PBXBuildFile; productRef = 877173742C35878700B84624 /* AmplitudeSwift */; };
		877226B327402F9300245DF0 /* LoggedInView.swift in Sources */ = {isa = PBXBuildFile; fileRef = 877226B227402F9300245DF0 /* LoggedInView.swift */; };
		877226B52740361C00245DF0 /* SubmissionsFeedView.swift in Sources */ = {isa = PBXBuildFile; fileRef = 877226B42740361C00245DF0 /* SubmissionsFeedView.swift */; };
		8773058329D5FB8E004F8019 /* SubmissionView.swift in Sources */ = {isa = PBXBuildFile; fileRef = 8773058229D5FB8E004F8019 /* SubmissionView.swift */; };
		877929D02744386E003AE828 /* FASession+CanvasPreview.swift in Sources */ = {isa = PBXBuildFile; fileRef = 877929CF2744386E003AE828 /* FASession+CanvasPreview.swift */; };
		877932AD2743186F004C43FD /* URLImage in Frameworks */ = {isa = PBXBuildFile; productRef = 877932AC2743186F004C43FD /* URLImage */; };
		877932AF2743186F004C43FD /* URLImageStore in Frameworks */ = {isa = PBXBuildFile; productRef = 877932AE2743186F004C43FD /* URLImageStore */; };
		877C8A9D2A0043D000B2F02B /* NotificationsActionView.swift in Sources */ = {isa = PBXBuildFile; fileRef = 877C8A9C2A0043D000B2F02B /* NotificationsActionView.swift */; };
		877FD54D29EC939E00230996 /* JournalControlsView.swift in Sources */ = {isa = PBXBuildFile; fileRef = 877FD54C29EC939E00230996 /* JournalControlsView.swift */; };
		87815AC728D63F9B005AD03E /* View+Introspection.swift in Sources */ = {isa = PBXBuildFile; fileRef = 87815AC628D63F9B005AD03E /* View+Introspection.swift */; };
		878892DB2B8B905A00F332EE /* Text+Markdown.swift in Sources */ = {isa = PBXBuildFile; fileRef = 878892DA2B8B905A00F332EE /* Text+Markdown.swift */; };
		87891FFA29F5A09700606F12 /* CommentView.swift in Sources */ = {isa = PBXBuildFile; fileRef = 87891FF929F5A09700606F12 /* CommentView.swift */; };
		878B0B912970B18C00A08685 /* Secrets.swift in Sources */ = {isa = PBXBuildFile; fileRef = 878B0B902970B18C00A08685 /* Secrets.swift */; };
		87919B2329F1CED6006FC2D6 /* Commenting.swift in Sources */ = {isa = PBXBuildFile; fileRef = 87919B2229F1CED6006FC2D6 /* Commenting.swift */; };
		8791D5FB29C4CBBA003FDBBE /* FAURL.swift in Sources */ = {isa = PBXBuildFile; fileRef = 8791D5FA29C4CBBA003FDBBE /* FAURL.swift */; };
		8791D60329C4D627003FDBBE /* FAURLTests.swift in Sources */ = {isa = PBXBuildFile; fileRef = 8791D60229C4D627003FDBBE /* FAURLTests.swift */; };
		8791D60D29C4DCE6003FDBBE /* InAppNavigation.swift in Sources */ = {isa = PBXBuildFile; fileRef = 8791D60C29C4DCE6003FDBBE /* InAppNavigation.swift */; };
		879233D2278216DF0019AC44 /* HTMLView.swift in Sources */ = {isa = PBXBuildFile; fileRef = 879233D1278216DF0019AC44 /* HTMLView.swift */; };
		879536D92BE29CE1004A50B0 /* SectionHeader.swift in Sources */ = {isa = PBXBuildFile; fileRef = 879536D82BE29CE1004A50B0 /* SectionHeader.swift */; };
		8799FAE22741672E0068A049 /* SubmissionFeedItemView.swift in Sources */ = {isa = PBXBuildFile; fileRef = 8799FAE12741672E0068A049 /* SubmissionFeedItemView.swift */; };
		879BFAB928D5E97800BDFB43 /* Introspect in Frameworks */ = {isa = PBXBuildFile; productRef = 879BFAB828D5E97800BDFB43 /* Introspect */; };
		87A1859C27459FFE00B10D2A /* SettingsView.swift in Sources */ = {isa = PBXBuildFile; fileRef = 87A1859B27459FFE00B10D2A /* SettingsView.swift */; };
		87A185A02745A83B00B10D2A /* Debugging.swift in Sources */ = {isa = PBXBuildFile; fileRef = 87A1859F2745A83B00B10D2A /* Debugging.swift */; };
		87A185A22745A8A100B10D2A /* CenteredView.swift in Sources */ = {isa = PBXBuildFile; fileRef = 87A185A12745A8A100B10D2A /* CenteredView.swift */; };
		87A4DA622A097D9000704857 /* NukeAlert.swift in Sources */ = {isa = PBXBuildFile; fileRef = 87A4DA612A097D9000704857 /* NukeAlert.swift */; };
		87A4DA642A097ECB00704857 /* ActionControl.swift in Sources */ = {isa = PBXBuildFile; fileRef = 87A4DA632A097ECB00704857 /* ActionControl.swift */; };
		87A9C34129C788350001D1D6 /* CurentUserView.swift in Sources */ = {isa = PBXBuildFile; fileRef = 87A9C34029C788350001D1D6 /* CurentUserView.swift */; };
		87A9C34329C788A00001D1D6 /* RemoteUserView.swift in Sources */ = {isa = PBXBuildFile; fileRef = 87A9C34229C788A00001D1D6 /* RemoteUserView.swift */; };
		87B0933A2AED6CEA008DFDE7 /* TitledHeaderView.swift in Sources */ = {isa = PBXBuildFile; fileRef = 87B093392AED6CEA008DFDE7 /* TitledHeaderView.swift */; };
		87B0933C2AED6D53008DFDE7 /* DatetimePair.swift in Sources */ = {isa = PBXBuildFile; fileRef = 87B0933B2AED6D53008DFDE7 /* DatetimePair.swift */; };
		87B0933E2AED7C47008DFDE7 /* URL.swift in Sources */ = {isa = PBXBuildFile; fileRef = 87B0933D2AED7C47008DFDE7 /* URL.swift */; };
		87C13F8729FF0A89001C7CB2 /* CommentNotificationItemView.swift in Sources */ = {isa = PBXBuildFile; fileRef = 87C13F8629FF0A89001C7CB2 /* CommentNotificationItemView.swift */; };
		87C1A0AD284B6E5400529F8C /* Version in Frameworks */ = {isa = PBXBuildFile; productRef = 87C1A0AC284B6E5400529F8C /* Version */; };
		87C4435A2C73C59900200991 /* ShoutNotificationItemView.swift in Sources */ = {isa = PBXBuildFile; fileRef = 87C443592C73C59900200991 /* ShoutNotificationItemView.swift */; };
		87C4435C2C73F29600200991 /* AlignedLabel.swift in Sources */ = {isa = PBXBuildFile; fileRef = 87C4435B2C73F29600200991 /* AlignedLabel.swift */; };
		87C4D2B027653C3600C29A4B /* Zoomable in Frameworks */ = {isa = PBXBuildFile; productRef = 87C4D2AF27653C3600C29A4B /* Zoomable */; };
		87C94A542AA893BA0049CA81 /* UserGalleryLikeView.swift in Sources */ = {isa = PBXBuildFile; fileRef = 87C94A532AA893BA0049CA81 /* UserGalleryLikeView.swift */; };
		87C94A562AA897E50049CA81 /* RemoteUserGalleryLikeView.swift in Sources */ = {isa = PBXBuildFile; fileRef = 87C94A552AA897E50049CA81 /* RemoteUserGalleryLikeView.swift */; };
		87D4B92029C7BAC600DBD8B4 /* OptionalLink.swift in Sources */ = {isa = PBXBuildFile; fileRef = 87D4B91F29C7BAC600DBD8B4 /* OptionalLink.swift */; };
		87D64FBD2C87181600AB6F44 /* WatchlistView.swift in Sources */ = {isa = PBXBuildFile; fileRef = 87D64FBC2C87181600AB6F44 /* WatchlistView.swift */; };
		87D64FBF2C871B9300AB6F44 /* RemoteWatchlistView.swift in Sources */ = {isa = PBXBuildFile; fileRef = 87D64FBE2C871B9300AB6F44 /* RemoteWatchlistView.swift */; };
		87D64FC12C87542B00AB6F44 /* String.swift in Sources */ = {isa = PBXBuildFile; fileRef = 87D64FC02C87542700AB6F44 /* String.swift */; };
		87D64FC32C87558100AB6F44 /* String.swift in Sources */ = {isa = PBXBuildFile; fileRef = 87D64FC22C87558100AB6F44 /* String.swift */; };
		87D64FC52C886F0200AB6F44 /* ProgressiveLoadItem.swift in Sources */ = {isa = PBXBuildFile; fileRef = 87D64FC42C886F0200AB6F44 /* ProgressiveLoadItem.swift */; };
		87D64FC72C88790E00AB6F44 /* UserPreviewView.swift in Sources */ = {isa = PBXBuildFile; fileRef = 87D64FC62C88790E00AB6F44 /* UserPreviewView.swift */; };
		87D64FC92C887DE200AB6F44 /* UserProfileControl.swift in Sources */ = {isa = PBXBuildFile; fileRef = 87D64FC82C887DDE00AB6F44 /* UserProfileControl.swift */; };
		87D64FCB2C88ADEC00AB6F44 /* UserProfileControlView.swift in Sources */ = {isa = PBXBuildFile; fileRef = 87D64FCA2C88ADEC00AB6F44 /* UserProfileControlView.swift */; };
		87D64FCD2C88B00100AB6F44 /* FANavigationLink.swift in Sources */ = {isa = PBXBuildFile; fileRef = 87D64FCC2C88B00100AB6F44 /* FANavigationLink.swift */; };
		87E0E2B82801D967005207A8 /* NotesView.swift in Sources */ = {isa = PBXBuildFile; fileRef = 87E0E2B72801D967005207A8 /* NotesView.swift */; };
		87E0E2BA2801DCDB005207A8 /* NoteItemView.swift in Sources */ = {isa = PBXBuildFile; fileRef = 87E0E2B92801DCDB005207A8 /* NoteItemView.swift */; };
		87E7B0242788D4FC0053CFAA /* NotificationOverlay.swift in Sources */ = {isa = PBXBuildFile; fileRef = 87E7B0232788D4FC0053CFAA /* NotificationOverlay.swift */; };
		87EAA2DB29EB4F1800677446 /* RemoteNotificationsView.swift in Sources */ = {isa = PBXBuildFile; fileRef = 87EAA2DA29EB4F1800677446 /* RemoteNotificationsView.swift */; };
		87EAA2DD29EB4F3700677446 /* JournalNotificationItemView.swift in Sources */ = {isa = PBXBuildFile; fileRef = 87EAA2DC29EB4F3700677446 /* JournalNotificationItemView.swift */; };
		87F5EE8F29C5D9DD00649C5B /* DateTimeButton.swift in Sources */ = {isa = PBXBuildFile; fileRef = 87F5EE8E29C5D9DD00649C5B /* DateTimeButton.swift */; };
		87F8FA342761347200CDD985 /* AuthoredHeaderView.swift in Sources */ = {isa = PBXBuildFile; fileRef = 87F8FA332761347200CDD985 /* AuthoredHeaderView.swift */; };
		87F8FA3627613DD900CDD985 /* Extensions.swift in Sources */ = {isa = PBXBuildFile; fileRef = 87F8FA3527613DD900CDD985 /* Extensions.swift */; };
		87F960CB2801EFF3000B30A3 /* AvatarView.swift in Sources */ = {isa = PBXBuildFile; fileRef = 87F960CA2801EFF3000B30A3 /* AvatarView.swift */; };
		87FE0DA72974609E005713DB /* SubmissionsFeedActionView.swift in Sources */ = {isa = PBXBuildFile; fileRef = 87FE0DA62974609E005713DB /* SubmissionsFeedActionView.swift */; };
		87FE0DA929747C0C005713DB /* AppInformation.swift in Sources */ = {isa = PBXBuildFile; fileRef = 87FE0DA829747C0C005713DB /* AppInformation.swift */; };
/* End PBXBuildFile section */

/* Begin PBXContainerItemProxy section */
		8791D60429C4D627003FDBBE /* PBXContainerItemProxy */ = {
			isa = PBXContainerItemProxy;
			containerPortal = 8716E7E0271C659C00C0BC4A /* Project object */;
			proxyType = 1;
			remoteGlobalIDString = 8716E7E7271C659C00C0BC4A;
			remoteInfo = FurAffinity;
		};
/* End PBXContainerItemProxy section */

/* Begin PBXFileReference section */
		8716E7E8271C659C00C0BC4A /* Fur Affinity.app */ = {isa = PBXFileReference; explicitFileType = wrapper.application; includeInIndex = 0; path = "Fur Affinity.app"; sourceTree = BUILT_PRODUCTS_DIR; };
		8716E7EB271C659C00C0BC4A /* FurAffinityApp.swift */ = {isa = PBXFileReference; lastKnownFileType = sourcecode.swift; path = FurAffinityApp.swift; sourceTree = "<group>"; };
		8716E7ED271C659C00C0BC4A /* HomeView.swift */ = {isa = PBXFileReference; lastKnownFileType = sourcecode.swift; path = HomeView.swift; sourceTree = "<group>"; };
		8716E7EF271C659D00C0BC4A /* Assets.xcassets */ = {isa = PBXFileReference; lastKnownFileType = folder.assetcatalog; path = Assets.xcassets; sourceTree = "<group>"; };
		8716E7F2271C659D00C0BC4A /* Preview Assets.xcassets */ = {isa = PBXFileReference; lastKnownFileType = folder.assetcatalog; path = "Preview Assets.xcassets"; sourceTree = "<group>"; };
		871B05EE2C84BAD400302500 /* AppIcon.swift */ = {isa = PBXFileReference; lastKnownFileType = sourcecode.swift; path = AppIcon.swift; sourceTree = "<group>"; };
		871C66DE29B8C36700A2B2C2 /* Info.plist */ = {isa = PBXFileReference; lastKnownFileType = text.plist; path = Info.plist; sourceTree = "<group>"; };
		871C66DF29B8CA9200A2B2C2 /* RemoteSubmissionView.swift */ = {isa = PBXFileReference; lastKnownFileType = sourcecode.swift; path = RemoteSubmissionView.swift; sourceTree = "<group>"; };
		8725335E274A70BB007FEF3B /* Model.swift */ = {isa = PBXFileReference; lastKnownFileType = sourcecode.swift; path = Model.swift; sourceTree = "<group>"; };
		87292E44297DD3FB00BE39B8 /* LoadingFailedView.swift */ = {isa = PBXFileReference; lastKnownFileType = sourcecode.swift; path = LoadingFailedView.swift; sourceTree = "<group>"; };
		8733DDFA28F75B1A00CD8BCF /* Logs.swift */ = {isa = PBXFileReference; lastKnownFileType = sourcecode.swift; path = Logs.swift; sourceTree = "<group>"; };
		8733DDFC28F75C1200CD8BCF /* Sharing.swift */ = {isa = PBXFileReference; lastKnownFileType = sourcecode.swift; path = Sharing.swift; sourceTree = "<group>"; };
		8733DDFE28FAD58D00CD8BCF /* SwapView.swift */ = {isa = PBXFileReference; lastKnownFileType = sourcecode.swift; path = SwapView.swift; sourceTree = "<group>"; };
		87346B362B0A658F000407C7 /* RemoteView.swift */ = {isa = PBXFileReference; lastKnownFileType = sourcecode.swift; path = RemoteView.swift; sourceTree = "<group>"; };
		873B2D1829EB2A0F00FA5F58 /* NotificationsView.swift */ = {isa = PBXFileReference; lastKnownFileType = sourcecode.swift; path = NotificationsView.swift; sourceTree = "<group>"; };
		873E65EF27528FC6009C8767 /* SubmissionControlsView.swift */ = {isa = PBXFileReference; lastKnownFileType = sourcecode.swift; path = SubmissionControlsView.swift; sourceTree = "<group>"; };
		873E65F127529866009C8767 /* SaveButton.swift */ = {isa = PBXFileReference; lastKnownFileType = sourcecode.swift; path = SaveButton.swift; sourceTree = "<group>"; };
		873E66102752AAB2009C8767 /* ImageSaveHandler.swift */ = {isa = PBXFileReference; lastKnownFileType = sourcecode.swift; path = ImageSaveHandler.swift; sourceTree = "<group>"; };
		8741BA2C29EC3FF700501A84 /* JournalView.swift */ = {isa = PBXFileReference; fileEncoding = 4; lastKnownFileType = sourcecode.swift; path = JournalView.swift; sourceTree = "<group>"; };
		8741BA2E29EC3FF700501A84 /* RemoteJournalView.swift */ = {isa = PBXFileReference; fileEncoding = 4; lastKnownFileType = sourcecode.swift; path = RemoteJournalView.swift; sourceTree = "<group>"; };
		874D69BC2804D20600DF91E7 /* NoteView.swift */ = {isa = PBXFileReference; lastKnownFileType = sourcecode.swift; path = NoteView.swift; sourceTree = "<group>"; };
		87566B81297DC71600FD3199 /* CommentEditor.swift */ = {isa = PBXFileReference; lastKnownFileType = sourcecode.swift; path = CommentEditor.swift; sourceTree = "<group>"; };
		87566B83297DD02300FD3199 /* SubmissionMainImage.swift */ = {isa = PBXFileReference; lastKnownFileType = sourcecode.swift; path = SubmissionMainImage.swift; sourceTree = "<group>"; };
		875EF2C62C1CABDC000D4BFB /* SubmissionPreviewView.swift */ = {isa = PBXFileReference; lastKnownFileType = sourcecode.swift; path = SubmissionPreviewView.swift; sourceTree = "<group>"; };
		875EF2E52C1E1705000D4BFB /* LinearProgress.swift */ = {isa = PBXFileReference; lastKnownFileType = sourcecode.swift; path = LinearProgress.swift; sourceTree = "<group>"; };
		875EF2E72C1E1FF7000D4BFB /* Comparable.swift */ = {isa = PBXFileReference; lastKnownFileType = sourcecode.swift; path = Comparable.swift; sourceTree = "<group>"; };
		8761834C271F5E380021A051 /* FAKit */ = {isa = PBXFileReference; lastKnownFileType = folder; path = FAKit; sourceTree = "<group>"; };
		8766005729055FBC00C7A998 /* CommentsView.swift */ = {isa = PBXFileReference; lastKnownFileType = sourcecode.swift; path = CommentsView.swift; sourceTree = "<group>"; };
		876C137229D5F8E3001EB05B /* UserView.swift */ = {isa = PBXFileReference; lastKnownFileType = sourcecode.swift; path = UserView.swift; sourceTree = "<group>"; };
		877226B127400B7A00245DF0 /* README.md */ = {isa = PBXFileReference; lastKnownFileType = net.daringfireball.markdown; path = README.md; sourceTree = "<group>"; };
		877226B227402F9300245DF0 /* LoggedInView.swift */ = {isa = PBXFileReference; lastKnownFileType = sourcecode.swift; path = LoggedInView.swift; sourceTree = "<group>"; };
		877226B42740361C00245DF0 /* SubmissionsFeedView.swift */ = {isa = PBXFileReference; lastKnownFileType = sourcecode.swift; path = SubmissionsFeedView.swift; sourceTree = "<group>"; };
		8773058229D5FB8E004F8019 /* SubmissionView.swift */ = {isa = PBXFileReference; lastKnownFileType = sourcecode.swift; path = SubmissionView.swift; sourceTree = "<group>"; };
		877929CF2744386E003AE828 /* FASession+CanvasPreview.swift */ = {isa = PBXFileReference; lastKnownFileType = sourcecode.swift; path = "FASession+CanvasPreview.swift"; sourceTree = "<group>"; };
		877C8A9C2A0043D000B2F02B /* NotificationsActionView.swift */ = {isa = PBXFileReference; lastKnownFileType = sourcecode.swift; path = NotificationsActionView.swift; sourceTree = "<group>"; };
		877FD54C29EC939E00230996 /* JournalControlsView.swift */ = {isa = PBXFileReference; lastKnownFileType = sourcecode.swift; path = JournalControlsView.swift; sourceTree = "<group>"; };
		87815AC628D63F9B005AD03E /* View+Introspection.swift */ = {isa = PBXFileReference; lastKnownFileType = sourcecode.swift; path = "View+Introspection.swift"; sourceTree = "<group>"; };
		878892DA2B8B905A00F332EE /* Text+Markdown.swift */ = {isa = PBXFileReference; lastKnownFileType = sourcecode.swift; path = "Text+Markdown.swift"; sourceTree = "<group>"; };
		87891FF929F5A09700606F12 /* CommentView.swift */ = {isa = PBXFileReference; lastKnownFileType = sourcecode.swift; path = CommentView.swift; sourceTree = "<group>"; };
		878B0B8A296CA5B200A08685 /* Privacy Policy.md */ = {isa = PBXFileReference; lastKnownFileType = net.daringfireball.markdown; path = "Privacy Policy.md"; sourceTree = "<group>"; };
		878B0B902970B18C00A08685 /* Secrets.swift */ = {isa = PBXFileReference; lastKnownFileType = sourcecode.swift; path = Secrets.swift; sourceTree = "<group>"; };
		87919B2229F1CED6006FC2D6 /* Commenting.swift */ = {isa = PBXFileReference; lastKnownFileType = sourcecode.swift; path = Commenting.swift; sourceTree = "<group>"; };
		8791D5FA29C4CBBA003FDBBE /* FAURL.swift */ = {isa = PBXFileReference; lastKnownFileType = sourcecode.swift; path = FAURL.swift; sourceTree = "<group>"; };
		8791D60029C4D627003FDBBE /* FurAffinityTests.xctest */ = {isa = PBXFileReference; explicitFileType = wrapper.cfbundle; includeInIndex = 0; path = FurAffinityTests.xctest; sourceTree = BUILT_PRODUCTS_DIR; };
		8791D60229C4D627003FDBBE /* FAURLTests.swift */ = {isa = PBXFileReference; lastKnownFileType = sourcecode.swift; path = FAURLTests.swift; sourceTree = "<group>"; };
		8791D60C29C4DCE6003FDBBE /* InAppNavigation.swift */ = {isa = PBXFileReference; lastKnownFileType = sourcecode.swift; path = InAppNavigation.swift; sourceTree = "<group>"; };
		879233D1278216DF0019AC44 /* HTMLView.swift */ = {isa = PBXFileReference; lastKnownFileType = sourcecode.swift; path = HTMLView.swift; sourceTree = "<group>"; };
		879536D82BE29CE1004A50B0 /* SectionHeader.swift */ = {isa = PBXFileReference; lastKnownFileType = sourcecode.swift; path = SectionHeader.swift; sourceTree = "<group>"; };
		8799FAE12741672E0068A049 /* SubmissionFeedItemView.swift */ = {isa = PBXFileReference; lastKnownFileType = sourcecode.swift; path = SubmissionFeedItemView.swift; sourceTree = "<group>"; };
		87A1859B27459FFE00B10D2A /* SettingsView.swift */ = {isa = PBXFileReference; lastKnownFileType = sourcecode.swift; path = SettingsView.swift; sourceTree = "<group>"; };
		87A1859F2745A83B00B10D2A /* Debugging.swift */ = {isa = PBXFileReference; lastKnownFileType = sourcecode.swift; path = Debugging.swift; sourceTree = "<group>"; };
		87A185A12745A8A100B10D2A /* CenteredView.swift */ = {isa = PBXFileReference; lastKnownFileType = sourcecode.swift; path = CenteredView.swift; sourceTree = "<group>"; };
		87A4DA612A097D9000704857 /* NukeAlert.swift */ = {isa = PBXFileReference; lastKnownFileType = sourcecode.swift; path = NukeAlert.swift; sourceTree = "<group>"; };
		87A4DA632A097ECB00704857 /* ActionControl.swift */ = {isa = PBXFileReference; lastKnownFileType = sourcecode.swift; path = ActionControl.swift; sourceTree = "<group>"; };
		87A9C34029C788350001D1D6 /* CurentUserView.swift */ = {isa = PBXFileReference; lastKnownFileType = sourcecode.swift; path = CurentUserView.swift; sourceTree = "<group>"; };
		87A9C34229C788A00001D1D6 /* RemoteUserView.swift */ = {isa = PBXFileReference; lastKnownFileType = sourcecode.swift; path = RemoteUserView.swift; sourceTree = "<group>"; };
		87B093392AED6CEA008DFDE7 /* TitledHeaderView.swift */ = {isa = PBXFileReference; lastKnownFileType = sourcecode.swift; path = TitledHeaderView.swift; sourceTree = "<group>"; };
		87B0933B2AED6D53008DFDE7 /* DatetimePair.swift */ = {isa = PBXFileReference; lastKnownFileType = sourcecode.swift; path = DatetimePair.swift; sourceTree = "<group>"; };
		87B0933D2AED7C47008DFDE7 /* URL.swift */ = {isa = PBXFileReference; lastKnownFileType = sourcecode.swift; path = URL.swift; sourceTree = "<group>"; };
		87C13F8629FF0A89001C7CB2 /* CommentNotificationItemView.swift */ = {isa = PBXFileReference; lastKnownFileType = sourcecode.swift; path = CommentNotificationItemView.swift; sourceTree = "<group>"; };
		87C443592C73C59900200991 /* ShoutNotificationItemView.swift */ = {isa = PBXFileReference; lastKnownFileType = sourcecode.swift; path = ShoutNotificationItemView.swift; sourceTree = "<group>"; };
		87C4435B2C73F29600200991 /* AlignedLabel.swift */ = {isa = PBXFileReference; lastKnownFileType = sourcecode.swift; path = AlignedLabel.swift; sourceTree = "<group>"; };
		87C94A532AA893BA0049CA81 /* UserGalleryLikeView.swift */ = {isa = PBXFileReference; lastKnownFileType = sourcecode.swift; path = UserGalleryLikeView.swift; sourceTree = "<group>"; };
		87C94A552AA897E50049CA81 /* RemoteUserGalleryLikeView.swift */ = {isa = PBXFileReference; lastKnownFileType = sourcecode.swift; path = RemoteUserGalleryLikeView.swift; sourceTree = "<group>"; };
		87D4B91F29C7BAC600DBD8B4 /* OptionalLink.swift */ = {isa = PBXFileReference; lastKnownFileType = sourcecode.swift; path = OptionalLink.swift; sourceTree = "<group>"; };
		87D64FBC2C87181600AB6F44 /* WatchlistView.swift */ = {isa = PBXFileReference; lastKnownFileType = sourcecode.swift; path = WatchlistView.swift; sourceTree = "<group>"; };
		87D64FBE2C871B9300AB6F44 /* RemoteWatchlistView.swift */ = {isa = PBXFileReference; lastKnownFileType = sourcecode.swift; path = RemoteWatchlistView.swift; sourceTree = "<group>"; };
		87D64FC02C87542700AB6F44 /* String.swift */ = {isa = PBXFileReference; lastKnownFileType = sourcecode.swift; path = String.swift; sourceTree = "<group>"; };
		87D64FC22C87558100AB6F44 /* String.swift */ = {isa = PBXFileReference; lastKnownFileType = sourcecode.swift; path = String.swift; sourceTree = "<group>"; };
		87D64FC42C886F0200AB6F44 /* ProgressiveLoadItem.swift */ = {isa = PBXFileReference; lastKnownFileType = sourcecode.swift; path = ProgressiveLoadItem.swift; sourceTree = "<group>"; };
		87D64FC62C88790E00AB6F44 /* UserPreviewView.swift */ = {isa = PBXFileReference; lastKnownFileType = sourcecode.swift; path = UserPreviewView.swift; sourceTree = "<group>"; };
		87D64FC82C887DDE00AB6F44 /* UserProfileControl.swift */ = {isa = PBXFileReference; lastKnownFileType = sourcecode.swift; path = UserProfileControl.swift; sourceTree = "<group>"; };
		87D64FCA2C88ADEC00AB6F44 /* UserProfileControlView.swift */ = {isa = PBXFileReference; lastKnownFileType = sourcecode.swift; path = UserProfileControlView.swift; sourceTree = "<group>"; };
		87D64FCC2C88B00100AB6F44 /* FANavigationLink.swift */ = {isa = PBXFileReference; lastKnownFileType = sourcecode.swift; path = FANavigationLink.swift; sourceTree = "<group>"; };
		87E0E2B72801D967005207A8 /* NotesView.swift */ = {isa = PBXFileReference; lastKnownFileType = sourcecode.swift; path = NotesView.swift; sourceTree = "<group>"; };
		87E0E2B92801DCDB005207A8 /* NoteItemView.swift */ = {isa = PBXFileReference; lastKnownFileType = sourcecode.swift; path = NoteItemView.swift; sourceTree = "<group>"; };
		87E7B0232788D4FC0053CFAA /* NotificationOverlay.swift */ = {isa = PBXFileReference; lastKnownFileType = sourcecode.swift; path = NotificationOverlay.swift; sourceTree = "<group>"; };
		87EAA2DA29EB4F1800677446 /* RemoteNotificationsView.swift */ = {isa = PBXFileReference; lastKnownFileType = sourcecode.swift; path = RemoteNotificationsView.swift; sourceTree = "<group>"; };
		87EAA2DC29EB4F3700677446 /* JournalNotificationItemView.swift */ = {isa = PBXFileReference; lastKnownFileType = sourcecode.swift; path = JournalNotificationItemView.swift; sourceTree = "<group>"; };
		87F5EE8E29C5D9DD00649C5B /* DateTimeButton.swift */ = {isa = PBXFileReference; lastKnownFileType = sourcecode.swift; path = DateTimeButton.swift; sourceTree = "<group>"; };
		87F8FA332761347200CDD985 /* AuthoredHeaderView.swift */ = {isa = PBXFileReference; lastKnownFileType = sourcecode.swift; path = AuthoredHeaderView.swift; sourceTree = "<group>"; };
		87F8FA3527613DD900CDD985 /* Extensions.swift */ = {isa = PBXFileReference; lastKnownFileType = sourcecode.swift; path = Extensions.swift; sourceTree = "<group>"; };
		87F960CA2801EFF3000B30A3 /* AvatarView.swift */ = {isa = PBXFileReference; lastKnownFileType = sourcecode.swift; path = AvatarView.swift; sourceTree = "<group>"; };
		87FE0DA62974609E005713DB /* SubmissionsFeedActionView.swift */ = {isa = PBXFileReference; lastKnownFileType = sourcecode.swift; path = SubmissionsFeedActionView.swift; sourceTree = "<group>"; };
		87FE0DA829747C0C005713DB /* AppInformation.swift */ = {isa = PBXFileReference; lastKnownFileType = sourcecode.swift; path = AppInformation.swift; sourceTree = "<group>"; };
/* End PBXFileReference section */

/* Begin PBXFrameworksBuildPhase section */
		8716E7E5271C659C00C0BC4A /* Frameworks */ = {
			isa = PBXFrameworksBuildPhase;
			buildActionMask = 2147483647;
			files = (
				877932AD2743186F004C43FD /* URLImage in Frameworks */,
				87C1A0AD284B6E5400529F8C /* Version in Frameworks */,
				87C4D2B027653C3600C29A4B /* Zoomable in Frameworks */,
				877932AF2743186F004C43FD /* URLImageStore in Frameworks */,
				879BFAB928D5E97800BDFB43 /* Introspect in Frameworks */,
				877173752C35878700B84624 /* AmplitudeSwift in Frameworks */,
				8761834E271F5E570021A051 /* FAKit in Frameworks */,
			);
			runOnlyForDeploymentPostprocessing = 0;
		};
		8791D5FD29C4D627003FDBBE /* Frameworks */ = {
			isa = PBXFrameworksBuildPhase;
			buildActionMask = 2147483647;
			files = (
			);
			runOnlyForDeploymentPostprocessing = 0;
		};
/* End PBXFrameworksBuildPhase section */

/* Begin PBXGroup section */
		8716E7DF271C659C00C0BC4A = {
			isa = PBXGroup;
			children = (
				877226B127400B7A00245DF0 /* README.md */,
				878B0B8A296CA5B200A08685 /* Privacy Policy.md */,
				8761834C271F5E380021A051 /* FAKit */,
				8716E7EA271C659C00C0BC4A /* FurAffinity */,
				8791D60129C4D627003FDBBE /* FurAffinityTests */,
				8716E7E9271C659C00C0BC4A /* Products */,
				8791D60929C4D7B9003FDBBE /* Frameworks */,
			);
			sourceTree = "<group>";
		};
		8716E7E9271C659C00C0BC4A /* Products */ = {
			isa = PBXGroup;
			children = (
				8716E7E8271C659C00C0BC4A /* Fur Affinity.app */,
				8791D60029C4D627003FDBBE /* FurAffinityTests.xctest */,
			);
			name = Products;
			sourceTree = "<group>";
		};
		8716E7EA271C659C00C0BC4A /* FurAffinity */ = {
			isa = PBXGroup;
			children = (
				871C66DE29B8C36700A2B2C2 /* Info.plist */,
				8725335E274A70BB007FEF3B /* Model.swift */,
				8716E7EB271C659C00C0BC4A /* FurAffinityApp.swift */,
				878B0B902970B18C00A08685 /* Secrets.swift */,
				8716E7ED271C659C00C0BC4A /* HomeView.swift */,
				877226B227402F9300245DF0 /* LoggedInView.swift */,
				875DD46E2843D1C300F3E5D9 /* Helpers */,
				87A4CA8B2756D17C009AA219 /* Helper Views */,
				877FD54B29EC90B600230996 /* Comments */,
				877C8A9B2A0042D000B2F02B /* SubmissionsFeed */,
				875DD46B2843D0AC00F3E5D9 /* Submissions */,
				875DD46C2843D0B800F3E5D9 /* Notes */,
				873B2D1729EB26DC00FA5F58 /* Notifications */,
				8741BA2B29EC3FF700501A84 /* Journal */,
				87A9C33F29C788230001D1D6 /* User */,
				875DD46D2843D15D00F3E5D9 /* Settings */,
				8716E7EF271C659D00C0BC4A /* Assets.xcassets */,
				8716E7F1271C659D00C0BC4A /* Preview Content */,
			);
			path = FurAffinity;
			sourceTree = "<group>";
		};
		8716E7F1271C659D00C0BC4A /* Preview Content */ = {
			isa = PBXGroup;
			children = (
				8716E7F2271C659D00C0BC4A /* Preview Assets.xcassets */,
			);
			path = "Preview Content";
			sourceTree = "<group>";
		};
		873B2D1729EB26DC00FA5F58 /* Notifications */ = {
			isa = PBXGroup;
			children = (
				87EAA2DA29EB4F1800677446 /* RemoteNotificationsView.swift */,
				873B2D1829EB2A0F00FA5F58 /* NotificationsView.swift */,
				87C13F8629FF0A89001C7CB2 /* CommentNotificationItemView.swift */,
				87EAA2DC29EB4F3700677446 /* JournalNotificationItemView.swift */,
				87C443592C73C59900200991 /* ShoutNotificationItemView.swift */,
				877C8A9C2A0043D000B2F02B /* NotificationsActionView.swift */,
			);
			path = Notifications;
			sourceTree = "<group>";
		};
		8741BA2B29EC3FF700501A84 /* Journal */ = {
			isa = PBXGroup;
			children = (
				877FD54C29EC939E00230996 /* JournalControlsView.swift */,
				8741BA2C29EC3FF700501A84 /* JournalView.swift */,
				8741BA2E29EC3FF700501A84 /* RemoteJournalView.swift */,
			);
			name = Journal;
			path = FurAffinity/Journal;
			sourceTree = SOURCE_ROOT;
		};
		875DD46B2843D0AC00F3E5D9 /* Submissions */ = {
			isa = PBXGroup;
			children = (
				871C66DF29B8CA9200A2B2C2 /* RemoteSubmissionView.swift */,
				8773058229D5FB8E004F8019 /* SubmissionView.swift */,
				875EF2C62C1CABDC000D4BFB /* SubmissionPreviewView.swift */,
				87566B83297DD02300FD3199 /* SubmissionMainImage.swift */,
				873E65EF27528FC6009C8767 /* SubmissionControlsView.swift */,
			);
			path = Submissions;
			sourceTree = "<group>";
		};
		875DD46C2843D0B800F3E5D9 /* Notes */ = {
			isa = PBXGroup;
			children = (
				87E0E2B72801D967005207A8 /* NotesView.swift */,
				87E0E2B92801DCDB005207A8 /* NoteItemView.swift */,
				874D69BC2804D20600DF91E7 /* NoteView.swift */,
			);
			path = Notes;
			sourceTree = "<group>";
		};
		875DD46D2843D15D00F3E5D9 /* Settings */ = {
			isa = PBXGroup;
			children = (
				87A1859B27459FFE00B10D2A /* SettingsView.swift */,
			);
			path = Settings;
			sourceTree = "<group>";
		};
		875DD46E2843D1C300F3E5D9 /* Helpers */ = {
			isa = PBXGroup;
			children = (
				87D64FC02C87542700AB6F44 /* String.swift */,
				87A1859F2745A83B00B10D2A /* Debugging.swift */,
				87F8FA3527613DD900CDD985 /* Extensions.swift */,
				877929CF2744386E003AE828 /* FASession+CanvasPreview.swift */,
				873E66102752AAB2009C8767 /* ImageSaveHandler.swift */,
				87815AC628D63F9B005AD03E /* View+Introspection.swift */,
				8733DDFC28F75C1200CD8BCF /* Sharing.swift */,
				8733DDFA28F75B1A00CD8BCF /* Logs.swift */,
				87FE0DA829747C0C005713DB /* AppInformation.swift */,
				8791D5FA29C4CBBA003FDBBE /* FAURL.swift */,
				87B0933D2AED7C47008DFDE7 /* URL.swift */,
				8791D60C29C4DCE6003FDBBE /* InAppNavigation.swift */,
				87B0933B2AED6D53008DFDE7 /* DatetimePair.swift */,
				878892DA2B8B905A00F332EE /* Text+Markdown.swift */,
				875EF2E72C1E1FF7000D4BFB /* Comparable.swift */,
			);
			path = Helpers;
			sourceTree = "<group>";
		};
		877C8A9B2A0042D000B2F02B /* SubmissionsFeed */ = {
			isa = PBXGroup;
			children = (
				877226B42740361C00245DF0 /* SubmissionsFeedView.swift */,
				87FE0DA62974609E005713DB /* SubmissionsFeedActionView.swift */,
				8799FAE12741672E0068A049 /* SubmissionFeedItemView.swift */,
			);
			path = SubmissionsFeed;
			sourceTree = "<group>";
		};
		877FD54B29EC90B600230996 /* Comments */ = {
			isa = PBXGroup;
			children = (
				87566B81297DC71600FD3199 /* CommentEditor.swift */,
				8766005729055FBC00C7A998 /* CommentsView.swift */,
				87891FF929F5A09700606F12 /* CommentView.swift */,
				87919B2229F1CED6006FC2D6 /* Commenting.swift */,
			);
			path = Comments;
			sourceTree = "<group>";
		};
		8791D60129C4D627003FDBBE /* FurAffinityTests */ = {
			isa = PBXGroup;
			children = (
				8791D60229C4D627003FDBBE /* FAURLTests.swift */,
				87D64FC22C87558100AB6F44 /* String.swift */,
			);
			path = FurAffinityTests;
			sourceTree = "<group>";
		};
		8791D60929C4D7B9003FDBBE /* Frameworks */ = {
			isa = PBXGroup;
			children = (
			);
			name = Frameworks;
			sourceTree = "<group>";
		};
		87A4CA8B2756D17C009AA219 /* Helper Views */ = {
			isa = PBXGroup;
			children = (
				871B05EE2C84BAD400302500 /* AppIcon.swift */,
				87A185A12745A8A100B10D2A /* CenteredView.swift */,
				875EF2E52C1E1705000D4BFB /* LinearProgress.swift */,
				879233D1278216DF0019AC44 /* HTMLView.swift */,
				87E7B0232788D4FC0053CFAA /* NotificationOverlay.swift */,
				87F960CA2801EFF3000B30A3 /* AvatarView.swift */,
				873E65F127529866009C8767 /* SaveButton.swift */,
				8733DDFE28FAD58D00CD8BCF /* SwapView.swift */,
				87F5EE8E29C5D9DD00649C5B /* DateTimeButton.swift */,
				87D4B91F29C7BAC600DBD8B4 /* OptionalLink.swift */,
				87292E44297DD3FB00BE39B8 /* LoadingFailedView.swift */,
				87F8FA332761347200CDD985 /* AuthoredHeaderView.swift */,
				87D64FCC2C88B00100AB6F44 /* FANavigationLink.swift */,
				87B093392AED6CEA008DFDE7 /* TitledHeaderView.swift */,
				87A4DA612A097D9000704857 /* NukeAlert.swift */,
				87A4DA632A097ECB00704857 /* ActionControl.swift */,
				87346B362B0A658F000407C7 /* RemoteView.swift */,
				879536D82BE29CE1004A50B0 /* SectionHeader.swift */,
				87C4435B2C73F29600200991 /* AlignedLabel.swift */,
				87D64FC42C886F0200AB6F44 /* ProgressiveLoadItem.swift */,
			);
			path = "Helper Views";
			sourceTree = "<group>";
		};
		87A9C33F29C788230001D1D6 /* User */ = {
			isa = PBXGroup;
			children = (
				87A9C34029C788350001D1D6 /* CurentUserView.swift */,
				87A9C34229C788A00001D1D6 /* RemoteUserView.swift */,
				87D64FC62C88790E00AB6F44 /* UserPreviewView.swift */,
				876C137229D5F8E3001EB05B /* UserView.swift */,
				87D64FC82C887DDE00AB6F44 /* UserProfileControl.swift */,
				87D64FCA2C88ADEC00AB6F44 /* UserProfileControlView.swift */,
				87C94A552AA897E50049CA81 /* RemoteUserGalleryLikeView.swift */,
				87C94A532AA893BA0049CA81 /* UserGalleryLikeView.swift */,
				87D64FBE2C871B9300AB6F44 /* RemoteWatchlistView.swift */,
				87D64FBC2C87181600AB6F44 /* WatchlistView.swift */,
			);
			path = User;
			sourceTree = "<group>";
		};
/* End PBXGroup section */

/* Begin PBXNativeTarget section */
		8716E7E7271C659C00C0BC4A /* FurAffinity */ = {
			isa = PBXNativeTarget;
			buildConfigurationList = 8716E7F6271C659D00C0BC4A /* Build configuration list for PBXNativeTarget "FurAffinity" */;
			buildPhases = (
				8716E7E4271C659C00C0BC4A /* Sources */,
				8716E7E5271C659C00C0BC4A /* Frameworks */,
				8716E7E6271C659C00C0BC4A /* Resources */,
			);
			buildRules = (
			);
			dependencies = (
			);
			name = FurAffinity;
			packageProductDependencies = (
				8761834D271F5E570021A051 /* FAKit */,
				877932AC2743186F004C43FD /* URLImage */,
				877932AE2743186F004C43FD /* URLImageStore */,
				87C4D2AF27653C3600C29A4B /* Zoomable */,
				87C1A0AC284B6E5400529F8C /* Version */,
				879BFAB828D5E97800BDFB43 /* Introspect */,
				877173742C35878700B84624 /* AmplitudeSwift */,
			);
			productName = FurAffinity;
			productReference = 8716E7E8271C659C00C0BC4A /* Fur Affinity.app */;
			productType = "com.apple.product-type.application";
		};
		8791D5FF29C4D627003FDBBE /* FurAffinityTests */ = {
			isa = PBXNativeTarget;
			buildConfigurationList = 8791D60629C4D627003FDBBE /* Build configuration list for PBXNativeTarget "FurAffinityTests" */;
			buildPhases = (
				8791D5FC29C4D627003FDBBE /* Sources */,
				8791D5FD29C4D627003FDBBE /* Frameworks */,
				8791D5FE29C4D627003FDBBE /* Resources */,
			);
			buildRules = (
			);
			dependencies = (
				8791D60529C4D627003FDBBE /* PBXTargetDependency */,
			);
			name = FurAffinityTests;
			packageProductDependencies = (
			);
			productName = FurAffinityTests;
			productReference = 8791D60029C4D627003FDBBE /* FurAffinityTests.xctest */;
			productType = "com.apple.product-type.bundle.unit-test";
		};
/* End PBXNativeTarget section */

/* Begin PBXProject section */
		8716E7E0271C659C00C0BC4A /* Project object */ = {
			isa = PBXProject;
			attributes = {
				BuildIndependentTargetsInParallel = 1;
				LastSwiftUpdateCheck = 1420;
				LastUpgradeCheck = 1540;
				TargetAttributes = {
					8716E7E7271C659C00C0BC4A = {
						CreatedOnToolsVersion = 13.0;
						LastSwiftMigration = 1420;
					};
					8791D5FF29C4D627003FDBBE = {
						CreatedOnToolsVersion = 14.2;
						TestTargetID = 8716E7E7271C659C00C0BC4A;
					};
				};
			};
			buildConfigurationList = 8716E7E3271C659C00C0BC4A /* Build configuration list for PBXProject "FurAffinity" */;
			compatibilityVersion = "Xcode 13.0";
			developmentRegion = en;
			hasScannedForEncodings = 0;
			knownRegions = (
				en,
				Base,
			);
			mainGroup = 8716E7DF271C659C00C0BC4A;
			packageReferences = (
				877932AB2743186F004C43FD /* XCRemoteSwiftPackageReference "url-image" */,
				87C4D2AE27653C3600C29A4B /* XCRemoteSwiftPackageReference "Zoomable" */,
				87C1A0AB284B6E5400529F8C /* XCRemoteSwiftPackageReference "Version" */,
				879BFAB728D5E97800BDFB43 /* XCRemoteSwiftPackageReference "SwiftUI-Introspect" */,
				877173732C35878700B84624 /* XCRemoteSwiftPackageReference "Amplitude-Swift" */,
			);
			productRefGroup = 8716E7E9271C659C00C0BC4A /* Products */;
			projectDirPath = "";
			projectRoot = "";
			targets = (
				8716E7E7271C659C00C0BC4A /* FurAffinity */,
				8791D5FF29C4D627003FDBBE /* FurAffinityTests */,
			);
		};
/* End PBXProject section */

/* Begin PBXResourcesBuildPhase section */
		8716E7E6271C659C00C0BC4A /* Resources */ = {
			isa = PBXResourcesBuildPhase;
			buildActionMask = 2147483647;
			files = (
				8716E7F3271C659D00C0BC4A /* Preview Assets.xcassets in Resources */,
				8716E7F0271C659D00C0BC4A /* Assets.xcassets in Resources */,
			);
			runOnlyForDeploymentPostprocessing = 0;
		};
		8791D5FE29C4D627003FDBBE /* Resources */ = {
			isa = PBXResourcesBuildPhase;
			buildActionMask = 2147483647;
			files = (
			);
			runOnlyForDeploymentPostprocessing = 0;
		};
/* End PBXResourcesBuildPhase section */

/* Begin PBXSourcesBuildPhase section */
		8716E7E4271C659C00C0BC4A /* Sources */ = {
			isa = PBXSourcesBuildPhase;
			buildActionMask = 2147483647;
			files = (
				8766005829055FBC00C7A998 /* CommentsView.swift in Sources */,
				87A1859C27459FFE00B10D2A /* SettingsView.swift in Sources */,
				8791D60D29C4DCE6003FDBBE /* InAppNavigation.swift in Sources */,
				87A185A02745A83B00B10D2A /* Debugging.swift in Sources */,
				87E0E2B82801D967005207A8 /* NotesView.swift in Sources */,
				871B05EF2C84BADA00302500 /* AppIcon.swift in Sources */,
				87C4435A2C73C59900200991 /* ShoutNotificationItemView.swift in Sources */,
				87A185A22745A8A100B10D2A /* CenteredView.swift in Sources */,
				87D64FCD2C88B00100AB6F44 /* FANavigationLink.swift in Sources */,
				8799FAE22741672E0068A049 /* SubmissionFeedItemView.swift in Sources */,
				87EAA2DD29EB4F3700677446 /* JournalNotificationItemView.swift in Sources */,
				87E0E2BA2801DCDB005207A8 /* NoteItemView.swift in Sources */,
				8716E7EE271C659C00C0BC4A /* HomeView.swift in Sources */,
				87A9C34129C788350001D1D6 /* CurentUserView.swift in Sources */,
				879536D92BE29CE1004A50B0 /* SectionHeader.swift in Sources */,
				87C4435C2C73F29600200991 /* AlignedLabel.swift in Sources */,
				87D64FC72C88790E00AB6F44 /* UserPreviewView.swift in Sources */,
				87F8FA342761347200CDD985 /* AuthoredHeaderView.swift in Sources */,
				87B0933E2AED7C47008DFDE7 /* URL.swift in Sources */,
				8725335F274A70BB007FEF3B /* Model.swift in Sources */,
				87A9C34329C788A00001D1D6 /* RemoteUserView.swift in Sources */,
				877C8A9D2A0043D000B2F02B /* NotificationsActionView.swift in Sources */,
				87FE0DA72974609E005713DB /* SubmissionsFeedActionView.swift in Sources */,
				87815AC728D63F9B005AD03E /* View+Introspection.swift in Sources */,
				87292E45297DD3FB00BE39B8 /* LoadingFailedView.swift in Sources */,
				8741BA3129EC3FF700501A84 /* RemoteJournalView.swift in Sources */,
				87D64FCB2C88ADEC00AB6F44 /* UserProfileControlView.swift in Sources */,
				87D64FBD2C87181600AB6F44 /* WatchlistView.swift in Sources */,
				87D64FBF2C871B9300AB6F44 /* RemoteWatchlistView.swift in Sources */,
				87A4DA642A097ECB00704857 /* ActionControl.swift in Sources */,
				8741BA2F29EC3FF700501A84 /* JournalView.swift in Sources */,
				87F5EE8F29C5D9DD00649C5B /* DateTimeButton.swift in Sources */,
				87D64FC92C887DE200AB6F44 /* UserProfileControl.swift in Sources */,
				87EAA2DB29EB4F1800677446 /* RemoteNotificationsView.swift in Sources */,
				87D64FC52C886F0200AB6F44 /* ProgressiveLoadItem.swift in Sources */,
				87A4DA622A097D9000704857 /* NukeAlert.swift in Sources */,
				8733DDFB28F75B1A00CD8BCF /* Logs.swift in Sources */,
				87D64FC12C87542B00AB6F44 /* String.swift in Sources */,
				87891FFA29F5A09700606F12 /* CommentView.swift in Sources */,
				878B0B912970B18C00A08685 /* Secrets.swift in Sources */,
				873E65F027528FC6009C8767 /* SubmissionControlsView.swift in Sources */,
				875EF2E62C1E1705000D4BFB /* LinearProgress.swift in Sources */,
				87B0933C2AED6D53008DFDE7 /* DatetimePair.swift in Sources */,
				871C66E029B8CA9200A2B2C2 /* RemoteSubmissionView.swift in Sources */,
				875EF2E82C1E1FF7000D4BFB /* Comparable.swift in Sources */,
				87919B2329F1CED6006FC2D6 /* Commenting.swift in Sources */,
				873E66112752AAB2009C8767 /* ImageSaveHandler.swift in Sources */,
				87C13F8729FF0A89001C7CB2 /* CommentNotificationItemView.swift in Sources */,
				878892DB2B8B905A00F332EE /* Text+Markdown.swift in Sources */,
				877226B327402F9300245DF0 /* LoggedInView.swift in Sources */,
				877929D02744386E003AE828 /* FASession+CanvasPreview.swift in Sources */,
				87346B372B0A658F000407C7 /* RemoteView.swift in Sources */,
				877FD54D29EC939E00230996 /* JournalControlsView.swift in Sources */,
				873B2D1929EB2A0F00FA5F58 /* NotificationsView.swift in Sources */,
				87566B84297DD02300FD3199 /* SubmissionMainImage.swift in Sources */,
				87D4B92029C7BAC600DBD8B4 /* OptionalLink.swift in Sources */,
				873E65F227529866009C8767 /* SaveButton.swift in Sources */,
				87F960CB2801EFF3000B30A3 /* AvatarView.swift in Sources */,
				876C137329D5F8E3001EB05B /* UserView.swift in Sources */,
				87FE0DA929747C0C005713DB /* AppInformation.swift in Sources */,
				874D69BD2804D20600DF91E7 /* NoteView.swift in Sources */,
				877226B52740361C00245DF0 /* SubmissionsFeedView.swift in Sources */,
				87F8FA3627613DD900CDD985 /* Extensions.swift in Sources */,
				8733DDFD28F75C1200CD8BCF /* Sharing.swift in Sources */,
				87B0933A2AED6CEA008DFDE7 /* TitledHeaderView.swift in Sources */,
				87E7B0242788D4FC0053CFAA /* NotificationOverlay.swift in Sources */,
				87566B82297DC71600FD3199 /* CommentEditor.swift in Sources */,
				87C94A542AA893BA0049CA81 /* UserGalleryLikeView.swift in Sources */,
				879233D2278216DF0019AC44 /* HTMLView.swift in Sources */,
				8716E7EC271C659C00C0BC4A /* FurAffinityApp.swift in Sources */,
				87C94A562AA897E50049CA81 /* RemoteUserGalleryLikeView.swift in Sources */,
				875EF2C72C1CABDC000D4BFB /* SubmissionPreviewView.swift in Sources */,
				8791D5FB29C4CBBA003FDBBE /* FAURL.swift in Sources */,
				8773058329D5FB8E004F8019 /* SubmissionView.swift in Sources */,
				8733DDFF28FAD58D00CD8BCF /* SwapView.swift in Sources */,
			);
			runOnlyForDeploymentPostprocessing = 0;
		};
		8791D5FC29C4D627003FDBBE /* Sources */ = {
			isa = PBXSourcesBuildPhase;
			buildActionMask = 2147483647;
			files = (
				87D64FC32C87558100AB6F44 /* String.swift in Sources */,
				8791D60329C4D627003FDBBE /* FAURLTests.swift in Sources */,
			);
			runOnlyForDeploymentPostprocessing = 0;
		};
/* End PBXSourcesBuildPhase section */

/* Begin PBXTargetDependency section */
		8791D60529C4D627003FDBBE /* PBXTargetDependency */ = {
			isa = PBXTargetDependency;
			target = 8716E7E7271C659C00C0BC4A /* FurAffinity */;
			targetProxy = 8791D60429C4D627003FDBBE /* PBXContainerItemProxy */;
		};
/* End PBXTargetDependency section */

/* Begin XCBuildConfiguration section */
		8716E7F4271C659D00C0BC4A /* Debug */ = {
			isa = XCBuildConfiguration;
			buildSettings = {
				ALWAYS_SEARCH_USER_PATHS = NO;
				ASSETCATALOG_COMPILER_GENERATE_SWIFT_ASSET_SYMBOL_EXTENSIONS = YES;
				CLANG_ANALYZER_NONNULL = YES;
				CLANG_ANALYZER_NUMBER_OBJECT_CONVERSION = YES_AGGRESSIVE;
				CLANG_CXX_LANGUAGE_STANDARD = "gnu++17";
				CLANG_CXX_LIBRARY = "libc++";
				CLANG_ENABLE_MODULES = YES;
				CLANG_ENABLE_OBJC_ARC = YES;
				CLANG_ENABLE_OBJC_WEAK = YES;
				CLANG_WARN_BLOCK_CAPTURE_AUTORELEASING = YES;
				CLANG_WARN_BOOL_CONVERSION = YES;
				CLANG_WARN_COMMA = YES;
				CLANG_WARN_CONSTANT_CONVERSION = YES;
				CLANG_WARN_DEPRECATED_OBJC_IMPLEMENTATIONS = YES;
				CLANG_WARN_DIRECT_OBJC_ISA_USAGE = YES_ERROR;
				CLANG_WARN_DOCUMENTATION_COMMENTS = YES;
				CLANG_WARN_EMPTY_BODY = YES;
				CLANG_WARN_ENUM_CONVERSION = YES;
				CLANG_WARN_INFINITE_RECURSION = YES;
				CLANG_WARN_INT_CONVERSION = YES;
				CLANG_WARN_NON_LITERAL_NULL_CONVERSION = YES;
				CLANG_WARN_OBJC_IMPLICIT_RETAIN_SELF = YES;
				CLANG_WARN_OBJC_LITERAL_CONVERSION = YES;
				CLANG_WARN_OBJC_ROOT_CLASS = YES_ERROR;
				CLANG_WARN_QUOTED_INCLUDE_IN_FRAMEWORK_HEADER = YES;
				CLANG_WARN_RANGE_LOOP_ANALYSIS = YES;
				CLANG_WARN_STRICT_PROTOTYPES = YES;
				CLANG_WARN_SUSPICIOUS_MOVE = YES;
				CLANG_WARN_UNGUARDED_AVAILABILITY = YES_AGGRESSIVE;
				CLANG_WARN_UNREACHABLE_CODE = YES;
				CLANG_WARN__DUPLICATE_METHOD_MATCH = YES;
				COPY_PHASE_STRIP = NO;
				DEBUG_INFORMATION_FORMAT = dwarf;
				ENABLE_STRICT_OBJC_MSGSEND = YES;
				ENABLE_TESTABILITY = YES;
				ENABLE_USER_SCRIPT_SANDBOXING = YES;
				GCC_C_LANGUAGE_STANDARD = gnu11;
				GCC_DYNAMIC_NO_PIC = NO;
				GCC_NO_COMMON_BLOCKS = YES;
				GCC_OPTIMIZATION_LEVEL = 0;
				GCC_PREPROCESSOR_DEFINITIONS = (
					"DEBUG=1",
					"$(inherited)",
				);
				GCC_WARN_64_TO_32_BIT_CONVERSION = YES;
				GCC_WARN_ABOUT_RETURN_TYPE = YES_ERROR;
				GCC_WARN_UNDECLARED_SELECTOR = YES;
				GCC_WARN_UNINITIALIZED_AUTOS = YES_AGGRESSIVE;
				GCC_WARN_UNUSED_FUNCTION = YES;
				GCC_WARN_UNUSED_VARIABLE = YES;
				IPHONEOS_DEPLOYMENT_TARGET = 16.1;
				MTL_ENABLE_DEBUG_INFO = INCLUDE_SOURCE;
				MTL_FAST_MATH = YES;
				ONLY_ACTIVE_ARCH = YES;
				SDKROOT = iphoneos;
				SWIFT_ACTIVE_COMPILATION_CONDITIONS = DEBUG;
				SWIFT_OPTIMIZATION_LEVEL = "-Onone";
				SWIFT_VERSION = 6.0;
			};
			name = Debug;
		};
		8716E7F5271C659D00C0BC4A /* Release */ = {
			isa = XCBuildConfiguration;
			buildSettings = {
				ALWAYS_SEARCH_USER_PATHS = NO;
				ASSETCATALOG_COMPILER_GENERATE_SWIFT_ASSET_SYMBOL_EXTENSIONS = YES;
				CLANG_ANALYZER_NONNULL = YES;
				CLANG_ANALYZER_NUMBER_OBJECT_CONVERSION = YES_AGGRESSIVE;
				CLANG_CXX_LANGUAGE_STANDARD = "gnu++17";
				CLANG_CXX_LIBRARY = "libc++";
				CLANG_ENABLE_MODULES = YES;
				CLANG_ENABLE_OBJC_ARC = YES;
				CLANG_ENABLE_OBJC_WEAK = YES;
				CLANG_WARN_BLOCK_CAPTURE_AUTORELEASING = YES;
				CLANG_WARN_BOOL_CONVERSION = YES;
				CLANG_WARN_COMMA = YES;
				CLANG_WARN_CONSTANT_CONVERSION = YES;
				CLANG_WARN_DEPRECATED_OBJC_IMPLEMENTATIONS = YES;
				CLANG_WARN_DIRECT_OBJC_ISA_USAGE = YES_ERROR;
				CLANG_WARN_DOCUMENTATION_COMMENTS = YES;
				CLANG_WARN_EMPTY_BODY = YES;
				CLANG_WARN_ENUM_CONVERSION = YES;
				CLANG_WARN_INFINITE_RECURSION = YES;
				CLANG_WARN_INT_CONVERSION = YES;
				CLANG_WARN_NON_LITERAL_NULL_CONVERSION = YES;
				CLANG_WARN_OBJC_IMPLICIT_RETAIN_SELF = YES;
				CLANG_WARN_OBJC_LITERAL_CONVERSION = YES;
				CLANG_WARN_OBJC_ROOT_CLASS = YES_ERROR;
				CLANG_WARN_QUOTED_INCLUDE_IN_FRAMEWORK_HEADER = YES;
				CLANG_WARN_RANGE_LOOP_ANALYSIS = YES;
				CLANG_WARN_STRICT_PROTOTYPES = YES;
				CLANG_WARN_SUSPICIOUS_MOVE = YES;
				CLANG_WARN_UNGUARDED_AVAILABILITY = YES_AGGRESSIVE;
				CLANG_WARN_UNREACHABLE_CODE = YES;
				CLANG_WARN__DUPLICATE_METHOD_MATCH = YES;
				COPY_PHASE_STRIP = NO;
				DEBUG_INFORMATION_FORMAT = "dwarf-with-dsym";
				ENABLE_NS_ASSERTIONS = NO;
				ENABLE_STRICT_OBJC_MSGSEND = YES;
				ENABLE_USER_SCRIPT_SANDBOXING = YES;
				GCC_C_LANGUAGE_STANDARD = gnu11;
				GCC_NO_COMMON_BLOCKS = YES;
				GCC_WARN_64_TO_32_BIT_CONVERSION = YES;
				GCC_WARN_ABOUT_RETURN_TYPE = YES_ERROR;
				GCC_WARN_UNDECLARED_SELECTOR = YES;
				GCC_WARN_UNINITIALIZED_AUTOS = YES_AGGRESSIVE;
				GCC_WARN_UNUSED_FUNCTION = YES;
				GCC_WARN_UNUSED_VARIABLE = YES;
				IPHONEOS_DEPLOYMENT_TARGET = 16.1;
				MTL_ENABLE_DEBUG_INFO = NO;
				MTL_FAST_MATH = YES;
				SDKROOT = iphoneos;
				SWIFT_COMPILATION_MODE = wholemodule;
				SWIFT_OPTIMIZATION_LEVEL = "-O";
				SWIFT_VERSION = 6.0;
				VALIDATE_PRODUCT = YES;
			};
			name = Release;
		};
		8716E7F7271C659D00C0BC4A /* Debug */ = {
			isa = XCBuildConfiguration;
			buildSettings = {
				ASSETCATALOG_COMPILER_APPICON_NAME = AppIcon;
				ASSETCATALOG_COMPILER_GLOBAL_ACCENT_COLOR_NAME = AccentColor;
				CLANG_ENABLE_MODULES = YES;
				CURRENT_PROJECT_VERSION = 1;
				DEVELOPMENT_ASSET_PATHS = "\"FurAffinity/Preview Content\"";
				DEVELOPMENT_TEAM = 3BF75NMSEQ;
				ENABLE_PREVIEWS = YES;
				GENERATE_INFOPLIST_FILE = YES;
				INFOPLIST_FILE = FurAffinity/Info.plist;
				INFOPLIST_KEY_NSPhotoLibraryAddUsageDescription = "Chosen images will be saved to the Photo Library.";
				INFOPLIST_KEY_UIApplicationSceneManifest_Generation = YES;
				INFOPLIST_KEY_UIApplicationSupportsIndirectInputEvents = YES;
				INFOPLIST_KEY_UILaunchScreen_Generation = YES;
				INFOPLIST_KEY_UISupportedInterfaceOrientations_iPad = "UIInterfaceOrientationPortrait UIInterfaceOrientationPortraitUpsideDown UIInterfaceOrientationLandscapeLeft UIInterfaceOrientationLandscapeRight";
				INFOPLIST_KEY_UISupportedInterfaceOrientations_iPhone = UIInterfaceOrientationPortrait;
				LD_RUNPATH_SEARCH_PATHS = (
					"$(inherited)",
					"@executable_path/Frameworks",
				);
				MARKETING_VERSION = 1.8;
				PRODUCT_BUNDLE_IDENTIFIER = com.example.id1234;
				PRODUCT_NAME = "Fur Affinity";
				SUPPORTED_PLATFORMS = "iphoneos iphonesimulator";
				SUPPORTS_MACCATALYST = NO;
				SUPPORTS_MAC_DESIGNED_FOR_IPHONE_IPAD = NO;
				SWIFT_EMIT_LOC_STRINGS = YES;
				TARGETED_DEVICE_FAMILY = 1;
			};
			name = Debug;
		};
		8716E7F8271C659D00C0BC4A /* Release */ = {
			isa = XCBuildConfiguration;
			buildSettings = {
				ASSETCATALOG_COMPILER_APPICON_NAME = AppIcon;
				ASSETCATALOG_COMPILER_GLOBAL_ACCENT_COLOR_NAME = AccentColor;
				CLANG_ENABLE_MODULES = YES;
				CURRENT_PROJECT_VERSION = 1;
				DEVELOPMENT_ASSET_PATHS = "\"FurAffinity/Preview Content\"";
				DEVELOPMENT_TEAM = 3BF75NMSEQ;
				ENABLE_PREVIEWS = YES;
				GENERATE_INFOPLIST_FILE = YES;
				INFOPLIST_FILE = FurAffinity/Info.plist;
				INFOPLIST_KEY_NSPhotoLibraryAddUsageDescription = "Chosen images will be saved to the Photo Library.";
				INFOPLIST_KEY_UIApplicationSceneManifest_Generation = YES;
				INFOPLIST_KEY_UIApplicationSupportsIndirectInputEvents = YES;
				INFOPLIST_KEY_UILaunchScreen_Generation = YES;
				INFOPLIST_KEY_UISupportedInterfaceOrientations_iPad = "UIInterfaceOrientationPortrait UIInterfaceOrientationPortraitUpsideDown UIInterfaceOrientationLandscapeLeft UIInterfaceOrientationLandscapeRight";
				INFOPLIST_KEY_UISupportedInterfaceOrientations_iPhone = UIInterfaceOrientationPortrait;
				LD_RUNPATH_SEARCH_PATHS = (
					"$(inherited)",
					"@executable_path/Frameworks",
				);
				MARKETING_VERSION = 1.8;
				PRODUCT_BUNDLE_IDENTIFIER = com.example.id1234;
				PRODUCT_NAME = "Fur Affinity";
				SUPPORTED_PLATFORMS = "iphoneos iphonesimulator";
				SUPPORTS_MACCATALYST = NO;
				SUPPORTS_MAC_DESIGNED_FOR_IPHONE_IPAD = NO;
				SWIFT_EMIT_LOC_STRINGS = YES;
				TARGETED_DEVICE_FAMILY = 1;
			};
			name = Release;
		};
		8791D60729C4D627003FDBBE /* Debug */ = {
			isa = XCBuildConfiguration;
			buildSettings = {
				BUNDLE_LOADER = "$(TEST_HOST)";
				CLANG_CXX_LANGUAGE_STANDARD = "gnu++20";
				CURRENT_PROJECT_VERSION = 1;
				DEVELOPMENT_TEAM = 3BF75NMSEQ;
				GENERATE_INFOPLIST_FILE = YES;
				MARKETING_VERSION = 1.0;
				PRODUCT_BUNDLE_IDENTIFIER = ceylo.FurAffinityTests;
				PRODUCT_NAME = "$(TARGET_NAME)";
				SWIFT_EMIT_LOC_STRINGS = NO;
				TARGETED_DEVICE_FAMILY = "1,2";
				TEST_HOST = "$(BUILT_PRODUCTS_DIR)/Fur Affinity.app/$(BUNDLE_EXECUTABLE_FOLDER_PATH)/Fur Affinity";
			};
			name = Debug;
		};
		8791D60829C4D627003FDBBE /* Release */ = {
			isa = XCBuildConfiguration;
			buildSettings = {
				BUNDLE_LOADER = "$(TEST_HOST)";
				CLANG_CXX_LANGUAGE_STANDARD = "gnu++20";
				CURRENT_PROJECT_VERSION = 1;
				DEVELOPMENT_TEAM = 3BF75NMSEQ;
				GENERATE_INFOPLIST_FILE = YES;
				MARKETING_VERSION = 1.0;
				PRODUCT_BUNDLE_IDENTIFIER = ceylo.FurAffinityTests;
				PRODUCT_NAME = "$(TARGET_NAME)";
				SWIFT_EMIT_LOC_STRINGS = NO;
				TARGETED_DEVICE_FAMILY = "1,2";
				TEST_HOST = "$(BUILT_PRODUCTS_DIR)/Fur Affinity.app/$(BUNDLE_EXECUTABLE_FOLDER_PATH)/Fur Affinity";
			};
			name = Release;
		};
/* End XCBuildConfiguration section */

/* Begin XCConfigurationList section */
		8716E7E3271C659C00C0BC4A /* Build configuration list for PBXProject "FurAffinity" */ = {
			isa = XCConfigurationList;
			buildConfigurations = (
				8716E7F4271C659D00C0BC4A /* Debug */,
				8716E7F5271C659D00C0BC4A /* Release */,
			);
			defaultConfigurationIsVisible = 0;
			defaultConfigurationName = Release;
		};
		8716E7F6271C659D00C0BC4A /* Build configuration list for PBXNativeTarget "FurAffinity" */ = {
			isa = XCConfigurationList;
			buildConfigurations = (
				8716E7F7271C659D00C0BC4A /* Debug */,
				8716E7F8271C659D00C0BC4A /* Release */,
			);
			defaultConfigurationIsVisible = 0;
			defaultConfigurationName = Release;
		};
		8791D60629C4D627003FDBBE /* Build configuration list for PBXNativeTarget "FurAffinityTests" */ = {
			isa = XCConfigurationList;
			buildConfigurations = (
				8791D60729C4D627003FDBBE /* Debug */,
				8791D60829C4D627003FDBBE /* Release */,
			);
			defaultConfigurationIsVisible = 0;
			defaultConfigurationName = Release;
		};
/* End XCConfigurationList section */

/* Begin XCRemoteSwiftPackageReference section */
		877173732C35878700B84624 /* XCRemoteSwiftPackageReference "Amplitude-Swift" */ = {
			isa = XCRemoteSwiftPackageReference;
			repositoryURL = "https://github.com/amplitude/Amplitude-Swift";
			requirement = {
				kind = upToNextMajorVersion;
				minimumVersion = 1.0.0;
			};
		};
		877932AB2743186F004C43FD /* XCRemoteSwiftPackageReference "url-image" */ = {
			isa = XCRemoteSwiftPackageReference;
			repositoryURL = "https://github.com/dmytro-anokhin/url-image.git";
			requirement = {
				kind = upToNextMajorVersion;
				minimumVersion = 3.0.0;
			};
		};
		879BFAB728D5E97800BDFB43 /* XCRemoteSwiftPackageReference "SwiftUI-Introspect" */ = {
			isa = XCRemoteSwiftPackageReference;
			repositoryURL = "https://github.com/siteline/SwiftUI-Introspect.git";
			requirement = {
				kind = upToNextMajorVersion;
				minimumVersion = 0.1.4;
			};
		};
		87C1A0AB284B6E5400529F8C /* XCRemoteSwiftPackageReference "Version" */ = {
			isa = XCRemoteSwiftPackageReference;
			repositoryURL = "https://github.com/mxcl/Version.git";
			requirement = {
				kind = upToNextMajorVersion;
				minimumVersion = 2.0.0;
			};
		};
		87C4D2AE27653C3600C29A4B /* XCRemoteSwiftPackageReference "Zoomable" */ = {
			isa = XCRemoteSwiftPackageReference;
			repositoryURL = "https://github.com/Ceylo/Zoomable.git";
			requirement = {
				kind = upToNextMajorVersion;
				minimumVersion = 1.0.0;
			};
		};
/* End XCRemoteSwiftPackageReference section */

/* Begin XCSwiftPackageProductDependency section */
		8761834D271F5E570021A051 /* FAKit */ = {
			isa = XCSwiftPackageProductDependency;
			productName = FAKit;
		};
		877173742C35878700B84624 /* AmplitudeSwift */ = {
			isa = XCSwiftPackageProductDependency;
			package = 877173732C35878700B84624 /* XCRemoteSwiftPackageReference "Amplitude-Swift" */;
			productName = AmplitudeSwift;
		};
		877932AC2743186F004C43FD /* URLImage */ = {
			isa = XCSwiftPackageProductDependency;
			package = 877932AB2743186F004C43FD /* XCRemoteSwiftPackageReference "url-image" */;
			productName = URLImage;
		};
		877932AE2743186F004C43FD /* URLImageStore */ = {
			isa = XCSwiftPackageProductDependency;
			package = 877932AB2743186F004C43FD /* XCRemoteSwiftPackageReference "url-image" */;
			productName = URLImageStore;
		};
		879BFAB828D5E97800BDFB43 /* Introspect */ = {
			isa = XCSwiftPackageProductDependency;
			package = 879BFAB728D5E97800BDFB43 /* XCRemoteSwiftPackageReference "SwiftUI-Introspect" */;
			productName = Introspect;
		};
		87C1A0AC284B6E5400529F8C /* Version */ = {
			isa = XCSwiftPackageProductDependency;
			package = 87C1A0AB284B6E5400529F8C /* XCRemoteSwiftPackageReference "Version" */;
			productName = Version;
		};
		87C4D2AF27653C3600C29A4B /* Zoomable */ = {
			isa = XCSwiftPackageProductDependency;
			package = 87C4D2AE27653C3600C29A4B /* XCRemoteSwiftPackageReference "Zoomable" */;
			productName = Zoomable;
		};
/* End XCSwiftPackageProductDependency section */
	};
	rootObject = 8716E7E0271C659C00C0BC4A /* Project object */;
}
