{
  "originHash" : "8f511e82c5319ced91eaabd28a0c2452b6ccf8b1441faeb98e51e93a0ac2deee",
  "pins" : [
    {
      "identity" : "cache",
      "kind" : "remoteSourceControl",
      "location" : "https://github.com/hyperoslo/Cache.git",
      "state" : {
        "revision" : "24e47109e31b2031cb26e25cc1b81b607496066c",
        "version" : "7.4.0"
      }
    },
    {
      "identity" : "swift-collections",
      "kind" : "remoteSourceControl",
      "location" : "https://github.com/apple/swift-collections.git",
      "state" : {
        "revision" : "fea17c02d767f46b23070fdfdacc28a03a39232a",
        "version" : "1.5.1"
      }
    },
    {
      "identity" : "swiftgraph",
      "kind" : "remoteSourceControl",
      "location" : "https://github.com/davecom/SwiftGraph.git",
      "state" : {
        "revision" : "76b5180a5cc32eda7f5236a756f4c1e0936311c6",
        "version" : "3.1.0"
      }
    },
    {
      "identity" : "swiftsoup",
      "kind" : "remoteSourceControl",
      "location" : "https://github.com/scinfu/SwiftSoup.git",
      "state" : {
        "revision" : "49dcadd93161f4a44b4994d3a3e8de9f085aface",
        "version" : "2.13.5"
      }
    }
  ],
  "version" : 3
}
